// !$*UTF8*$!
{
	archiveVersion = 1;
	classes = {
	};
	objectVersion = 51;
	objects = {

/* Begin PBXBuildFile section */
		640F875A2678155F0055C4A4 /* LoggerTests.swift in Sources */ = {isa = PBXBuildFile; fileRef = 640F87592678155F0055C4A4 /* LoggerTests.swift */; };
		640F8762267826070055C4A4 /* CoreLogger.swift in Sources */ = {isa = PBXBuildFile; fileRef = 640F8761267826070055C4A4 /* CoreLogger.swift */; };
		640F8767267827200055C4A4 /* MockCoreLogger.swift in Sources */ = {isa = PBXBuildFile; fileRef = 640F8766267827200055C4A4 /* MockCoreLogger.swift */; };
		640F876C267831440055C4A4 /* SGLocation.swift in Sources */ = {isa = PBXBuildFile; fileRef = 640F876B267831440055C4A4 /* SGLocation.swift */; };
		640F87712678314A0055C4A4 /* SGLink.swift in Sources */ = {isa = PBXBuildFile; fileRef = 640F87702678314A0055C4A4 /* SGLink.swift */; };
		640F8776267831510055C4A4 /* SGPerformerImages.swift in Sources */ = {isa = PBXBuildFile; fileRef = 640F8775267831510055C4A4 /* SGPerformerImages.swift */; };
		640F877B267831580055C4A4 /* SGEventStats.swift in Sources */ = {isa = PBXBuildFile; fileRef = 640F877A267831580055C4A4 /* SGEventStats.swift */; };
		640F87802678315F0055C4A4 /* SGTaxonomy.swift in Sources */ = {isa = PBXBuildFile; fileRef = 640F877F2678315F0055C4A4 /* SGTaxonomy.swift */; };
		640F878D267839170055C4A4 /* SGGenre.swift in Sources */ = {isa = PBXBuildFile; fileRef = 640F878C267839170055C4A4 /* SGGenre.swift */; };
		640F879526783C940055C4A4 /* SGMetadata.swift in Sources */ = {isa = PBXBuildFile; fileRef = 640F879426783C940055C4A4 /* SGMetadata.swift */; };
		640F87BB26783EEF0055C4A4 /* GetEventResponse.json in Resources */ = {isa = PBXBuildFile; fileRef = 640F87B526783EEF0055C4A4 /* GetEventResponse.json */; };
		640F87BC26783EEF0055C4A4 /* GetPerformerResponse.json in Resources */ = {isa = PBXBuildFile; fileRef = 640F87B626783EEF0055C4A4 /* GetPerformerResponse.json */; };
		640F87BD26783EEF0055C4A4 /* GetVenueResponse.json in Resources */ = {isa = PBXBuildFile; fileRef = 640F87B726783EEF0055C4A4 /* GetVenueResponse.json */; };
		640F87BE26783EEF0055C4A4 /* EventsResponse.json in Resources */ = {isa = PBXBuildFile; fileRef = 640F87B826783EEF0055C4A4 /* EventsResponse.json */; };
		640F87BF26783EEF0055C4A4 /* PerformersResponse.json in Resources */ = {isa = PBXBuildFile; fileRef = 640F87B926783EEF0055C4A4 /* PerformersResponse.json */; };
		640F87C026783EEF0055C4A4 /* VenuesResponse.json in Resources */ = {isa = PBXBuildFile; fileRef = 640F87BA26783EEF0055C4A4 /* VenuesResponse.json */; };
		640F87C826783F0C0055C4A4 /* SeatGeekInteractorTests.swift in Sources */ = {isa = PBXBuildFile; fileRef = 640F87C726783F0C0055C4A4 /* SeatGeekInteractorTests.swift */; };
		640F87CD26783F7A0055C4A4 /* NetworkServiceMock.swift in Sources */ = {isa = PBXBuildFile; fileRef = 640F87CC26783F7A0055C4A4 /* NetworkServiceMock.swift */; };
		640F87D3267840E30055C4A4 /* NetworkResultBuilder.swift in Sources */ = {isa = PBXBuildFile; fileRef = 640F87D2267840E30055C4A4 /* NetworkResultBuilder.swift */; };
		64365DC4267D59FC0088E82D /* EventsInnerCollectionCell.swift in Sources */ = {isa = PBXBuildFile; fileRef = 64365DC3267D59FC0088E82D /* EventsInnerCollectionCell.swift */; };
		64365DC9267D5A030088E82D /* EventsCollectionView.swift in Sources */ = {isa = PBXBuildFile; fileRef = 64365DC8267D5A030088E82D /* EventsCollectionView.swift */; };
		6440B6EF267558140087987F /* RxSwift+SubscribeToResult.swift in Sources */ = {isa = PBXBuildFile; fileRef = 6440B6EE267558140087987F /* RxSwift+SubscribeToResult.swift */; };
		6440B6FA26755EA20087987F /* Dictionary+Merge.swift in Sources */ = {isa = PBXBuildFile; fileRef = 6440B6F926755EA20087987F /* Dictionary+Merge.swift */; };
		6440B7002675B2B30087987F /* APIKeysManager.swift in Sources */ = {isa = PBXBuildFile; fileRef = 6440B6FF2675B2B30087987F /* APIKeysManager.swift */; };
		6440B71426766C7F0087987F /* api-keys.plist in Resources */ = {isa = PBXBuildFile; fileRef = 6440B71326766C7F0087987F /* api-keys.plist */; };
		6440B71A26766CD80087987F /* AppConstants.swift in Sources */ = {isa = PBXBuildFile; fileRef = 6440B71926766CD80087987F /* AppConstants.swift */; };
		6440B72626766F4C0087987F /* FileHelper.swift in Sources */ = {isa = PBXBuildFile; fileRef = 6440B72526766F4C0087987F /* FileHelper.swift */; };
		6440B7332676700B0087987F /* NetworkAuthMethod.swift in Sources */ = {isa = PBXBuildFile; fileRef = 6440B7322676700B0087987F /* NetworkAuthMethod.swift */; };
		6440B73B267670130087987F /* NetworkPlugin.swift in Sources */ = {isa = PBXBuildFile; fileRef = 6440B73A267670130087987F /* NetworkPlugin.swift */; };
		6440B7402676701A0087987F /* NetworkLoggerPlugin.swift in Sources */ = {isa = PBXBuildFile; fileRef = 6440B73F2676701A0087987F /* NetworkLoggerPlugin.swift */; };
		6440B745267670210087987F /* NetworkAuthPlugin.swift in Sources */ = {isa = PBXBuildFile; fileRef = 6440B744267670210087987F /* NetworkAuthPlugin.swift */; };
		6440B74A2676702C0087987F /* NetworkServicing.swift in Sources */ = {isa = PBXBuildFile; fileRef = 6440B7492676702C0087987F /* NetworkServicing.swift */; };
		6440B74F267670330087987F /* NetworkResult.swift in Sources */ = {isa = PBXBuildFile; fileRef = 6440B74E267670330087987F /* NetworkResult.swift */; };
		6440B7542676711E0087987F /* Headers.swift in Sources */ = {isa = PBXBuildFile; fileRef = 6440B7532676711E0087987F /* Headers.swift */; };
		6440B759267671270087987F /* HTTPMethod.swift in Sources */ = {isa = PBXBuildFile; fileRef = 6440B758267671270087987F /* HTTPMethod.swift */; };
		6440B75E267671420087987F /* Route.swift in Sources */ = {isa = PBXBuildFile; fileRef = 6440B75D267671420087987F /* Route.swift */; };
		6440B76B267672660087987F /* NetworkServiceTests.swift in Sources */ = {isa = PBXBuildFile; fileRef = 6440B76A267672660087987F /* NetworkServiceTests.swift */; };
		6440B7A5267675920087987F /* URLSessionMock.swift in Sources */ = {isa = PBXBuildFile; fileRef = 6440B7A4267675920087987F /* URLSessionMock.swift */; };
		6440B7AA267676180087987F /* LoggerMock.swift in Sources */ = {isa = PBXBuildFile; fileRef = 6440B7A9267676180087987F /* LoggerMock.swift */; };
		6440B7AF2676864D0087987F /* NetworkPluginMock.swift in Sources */ = {isa = PBXBuildFile; fileRef = 6440B7AE2676864D0087987F /* NetworkPluginMock.swift */; };
		6440B7B4267687710087987F /* RouteMock.swift in Sources */ = {isa = PBXBuildFile; fileRef = 6440B7B3267687710087987F /* RouteMock.swift */; };
		6440B7D9267696710087987F /* SeatGeekInteractor.swift in Sources */ = {isa = PBXBuildFile; fileRef = 6440B7D8267696710087987F /* SeatGeekInteractor.swift */; };
		6440B7E12676C94A0087987F /* SGEvent.swift in Sources */ = {isa = PBXBuildFile; fileRef = 6440B7E02676C94A0087987F /* SGEvent.swift */; };
		6440B7E62676C9560087987F /* SGPerformer.swift in Sources */ = {isa = PBXBuildFile; fileRef = 6440B7E52676C9560087987F /* SGPerformer.swift */; };
		6440B7EB2676C9610087987F /* SGVenue.swift in Sources */ = {isa = PBXBuildFile; fileRef = 6440B7EA2676C9610087987F /* SGVenue.swift */; };
		644AF5982679018500E62181 /* QueryDebouncer.swift in Sources */ = {isa = PBXBuildFile; fileRef = 644AF5972679018500E62181 /* QueryDebouncer.swift */; };
		644AF5A22679048400E62181 /* UICollectionView+NearestCell.swift in Sources */ = {isa = PBXBuildFile; fileRef = 644AF5A12679048400E62181 /* UICollectionView+NearestCell.swift */; };
		644AF5A72679050700E62181 /* SearchResultsViewController.swift in Sources */ = {isa = PBXBuildFile; fileRef = 644AF5A62679050700E62181 /* SearchResultsViewController.swift */; };
		644AF5AF2679059F00E62181 /* EmptyListBackground.swift in Sources */ = {isa = PBXBuildFile; fileRef = 644AF5AE2679059F00E62181 /* EmptyListBackground.swift */; };
		644AF5B72679104A00E62181 /* TitledBannerView.swift in Sources */ = {isa = PBXBuildFile; fileRef = 644AF5B62679104A00E62181 /* TitledBannerView.swift */; };
		644AF5BF2679109F00E62181 /* HeartButton.swift in Sources */ = {isa = PBXBuildFile; fileRef = 644AF5BE2679109F00E62181 /* HeartButton.swift */; };
		644AF5C42679166000E62181 /* EventSummarySmallView.swift in Sources */ = {isa = PBXBuildFile; fileRef = 644AF5C32679166000E62181 /* EventSummarySmallView.swift */; };
		644AF5CE26791F4400E62181 /* LabelsStylesheet.swift in Sources */ = {isa = PBXBuildFile; fileRef = 644AF5CD26791F4400E62181 /* LabelsStylesheet.swift */; };
		644AF5DC2679648C00E62181 /* SGEventSummary.swift in Sources */ = {isa = PBXBuildFile; fileRef = 644AF5DB2679648C00E62181 /* SGEventSummary.swift */; };
		644AF5E126797A0700E62181 /* General.strings in Resources */ = {isa = PBXBuildFile; fileRef = 644AF5E026797A0700E62181 /* General.strings */; };
		644AF5E626797B4200E62181 /* PriceTagView.swift in Sources */ = {isa = PBXBuildFile; fileRef = 644AF5E526797B4200E62181 /* PriceTagView.swift */; };
		645D684F267CFFCB005C3D97 /* ApplicationManager.swift in Sources */ = {isa = PBXBuildFile; fileRef = 645D684E267CFFCB005C3D97 /* ApplicationManager.swift */; };
		645D6854267D0E97005C3D97 /* LargeTitledNavigationBar.swift in Sources */ = {isa = PBXBuildFile; fileRef = 645D6853267D0E97005C3D97 /* LargeTitledNavigationBar.swift */; };
		645D685A267D2508005C3D97 /* ViewMoreHeaderView.swift in Sources */ = {isa = PBXBuildFile; fileRef = 645D6859267D2508005C3D97 /* ViewMoreHeaderView.swift */; };
		645D685F267D2701005C3D97 /* Array+ValidIndex.swift in Sources */ = {isa = PBXBuildFile; fileRef = 645D685E267D2701005C3D97 /* Array+ValidIndex.swift */; };
		645D6864267D3660005C3D97 /* InnerCollectionTableCell.swift in Sources */ = {isa = PBXBuildFile; fileRef = 645D6863267D3660005C3D97 /* InnerCollectionTableCell.swift */; };
		645D686C267D42E8005C3D97 /* EventSummaryLargeCell.swift in Sources */ = {isa = PBXBuildFile; fileRef = 645D686B267D42E8005C3D97 /* EventSummaryLargeCell.swift */; };
		645D6871267D42F2005C3D97 /* EventSummarySmallCell.swift in Sources */ = {isa = PBXBuildFile; fileRef = 645D6870267D42F2005C3D97 /* EventSummarySmallCell.swift */; };
		645D6876267D5087005C3D97 /* FeaturedInnerCollectionCell.swift in Sources */ = {isa = PBXBuildFile; fileRef = 645D6875267D5087005C3D97 /* FeaturedInnerCollectionCell.swift */; };
		645D687C267D50C2005C3D97 /* FeaturedCollectionView.swift in Sources */ = {isa = PBXBuildFile; fileRef = 645D687B267D50C2005C3D97 /* FeaturedCollectionView.swift */; };
		645D6887267D5240005C3D97 /* PerformerSummaryView.swift in Sources */ = {isa = PBXBuildFile; fileRef = 645D6886267D5240005C3D97 /* PerformerSummaryView.swift */; };
		645D6893267D526A005C3D97 /* GenreSummaryView.swift in Sources */ = {isa = PBXBuildFile; fileRef = 645D6892267D526A005C3D97 /* GenreSummaryView.swift */; };
		645D689B267D52BF005C3D97 /* TintedImageView.swift in Sources */ = {isa = PBXBuildFile; fileRef = 645D689A267D52BF005C3D97 /* TintedImageView.swift */; };
		645D68A3267D5789005C3D97 /* PerformerSummaryCell.swift in Sources */ = {isa = PBXBuildFile; fileRef = 645D68A2267D5789005C3D97 /* PerformerSummaryCell.swift */; };
		645D68A8267D57B1005C3D97 /* GenreSummaryCell.swift in Sources */ = {isa = PBXBuildFile; fileRef = 645D68A7267D57B1005C3D97 /* GenreSummaryCell.swift */; };
		645D68AD267D588C005C3D97 /* GenresCollectionView.swift in Sources */ = {isa = PBXBuildFile; fileRef = 645D68AC267D588C005C3D97 /* GenresCollectionView.swift */; };
		645D68B2267D58D5005C3D97 /* GenresInnerCollectionCell.swift in Sources */ = {isa = PBXBuildFile; fileRef = 645D68B1267D58D5005C3D97 /* GenresInnerCollectionCell.swift */; };
		646E1BDD26798D2D009BF8E1 /* ProximaNova-Bold.otf in Resources */ = {isa = PBXBuildFile; fileRef = 646E1BD326798D2C009BF8E1 /* ProximaNova-Bold.otf */; };
		646E1BDE26798D2D009BF8E1 /* ProximaNova-SemiboldItalic.otf in Resources */ = {isa = PBXBuildFile; fileRef = 646E1BD426798D2C009BF8E1 /* ProximaNova-SemiboldItalic.otf */; };
		646E1BDF26798D2D009BF8E1 /* ProximaNova-Regular.otf in Resources */ = {isa = PBXBuildFile; fileRef = 646E1BD526798D2C009BF8E1 /* ProximaNova-Regular.otf */; };
		646E1BE026798D2D009BF8E1 /* ProximaNova-Semibold.otf in Resources */ = {isa = PBXBuildFile; fileRef = 646E1BD626798D2C009BF8E1 /* ProximaNova-Semibold.otf */; };
		646E1BE126798D2D009BF8E1 /* ProximaNova-RegularItalic.otf in Resources */ = {isa = PBXBuildFile; fileRef = 646E1BD726798D2D009BF8E1 /* ProximaNova-RegularItalic.otf */; };
		646E1BE226798D2D009BF8E1 /* ProximaNova-Black.otf in Resources */ = {isa = PBXBuildFile; fileRef = 646E1BD826798D2D009BF8E1 /* ProximaNova-Black.otf */; };
		646E1BE326798D2D009BF8E1 /* ProximaNova-Light.otf in Resources */ = {isa = PBXBuildFile; fileRef = 646E1BD926798D2D009BF8E1 /* ProximaNova-Light.otf */; };
		646E1BE426798D2D009BF8E1 /* ProximaNova-BoldIt.otf in Resources */ = {isa = PBXBuildFile; fileRef = 646E1BDA26798D2D009BF8E1 /* ProximaNova-BoldIt.otf */; };
		646E1BE526798D2D009BF8E1 /* ProximaNova-LightItalic.otf in Resources */ = {isa = PBXBuildFile; fileRef = 646E1BDB26798D2D009BF8E1 /* ProximaNova-LightItalic.otf */; };
		646E1BE626798D2D009BF8E1 /* ProximaNova-Extrabold.otf in Resources */ = {isa = PBXBuildFile; fileRef = 646E1BDC26798D2D009BF8E1 /* ProximaNova-Extrabold.otf */; };
		64A03765267BF66900A27D5E /* Int?+Add+Subtract.swift in Sources */ = {isa = PBXBuildFile; fileRef = 64A03764267BF66900A27D5E /* Int?+Add+Subtract.swift */; };
		64A0376D267BF8C200A27D5E /* Comparable+Clamp.swift in Sources */ = {isa = PBXBuildFile; fileRef = 64A0376C267BF8C200A27D5E /* Comparable+Clamp.swift */; };
		64A03778267C344100A27D5E /* Array+Chunked.swift in Sources */ = {isa = PBXBuildFile; fileRef = 64A03777267C344100A27D5E /* Array+Chunked.swift */; };
		64A037A1267C360000A27D5E /* BrowseViewController.swift in Sources */ = {isa = PBXBuildFile; fileRef = 64A037A0267C360000A27D5E /* BrowseViewController.swift */; };
		64A037B2267CF2D100A27D5E /* BrowseViewModel.swift in Sources */ = {isa = PBXBuildFile; fileRef = 64A037B1267CF2D100A27D5E /* BrowseViewModel.swift */; };
		64A32BF32678E00300EEE8BF /* TabController.swift in Sources */ = {isa = PBXBuildFile; fileRef = 64A32BF22678E00300EEE8BF /* TabController.swift */; };
		64A32BFE2678EC5600EEE8BF /* EventSummaryLargeView.swift in Sources */ = {isa = PBXBuildFile; fileRef = 64A32BFD2678EC5600EEE8BF /* EventSummaryLargeView.swift */; };
		64A32C102678F2AD00EEE8BF /* ViewController.swift in Sources */ = {isa = PBXBuildFile; fileRef = 64A32C0F2678F2AD00EEE8BF /* ViewController.swift */; };
		64A4D35F267E26B70089386E /* BrowseSection.swift in Sources */ = {isa = PBXBuildFile; fileRef = 64A4D35E267E26B70089386E /* BrowseSection.swift */; };
		64A4D364267E7D330089386E /* ZoomAndSnapFlowLayout.swift in Sources */ = {isa = PBXBuildFile; fileRef = 64A4D363267E7D330089386E /* ZoomAndSnapFlowLayout.swift */; };
		64B05E672676D5FD00CFBEA4 /* Services.strings in Resources */ = {isa = PBXBuildFile; fileRef = 64B05E662676D5FD00CFBEA4 /* Services.strings */; };
		64B05E6D2676E23C00CFBEA4 /* EventStub.swift in Sources */ = {isa = PBXBuildFile; fileRef = 64B05E6C2676E23C00CFBEA4 /* EventStub.swift */; };
		64B05E752676E25300CFBEA4 /* PerformerStub.swift in Sources */ = {isa = PBXBuildFile; fileRef = 64B05E742676E25300CFBEA4 /* PerformerStub.swift */; };
		64B05E7A2676E25900CFBEA4 /* VenueStub.swift in Sources */ = {isa = PBXBuildFile; fileRef = 64B05E792676E25900CFBEA4 /* VenueStub.swift */; };
		64B18BA72676D21B002924C8 /* SGResponses.swift in Sources */ = {isa = PBXBuildFile; fileRef = 64B18BA62676D21B002924C8 /* SGResponses.swift */; };
		64B8A4CB267A766600B5F5A1 /* WindowManaging.swift in Sources */ = {isa = PBXBuildFile; fileRef = 64B8A4CA267A766600B5F5A1 /* WindowManaging.swift */; };
		64B8A4D0267A77B000B5F5A1 /* CollectionView.swift in Sources */ = {isa = PBXBuildFile; fileRef = 64B8A4CF267A77B000B5F5A1 /* CollectionView.swift */; };
		64B8A4D5267A77C800B5F5A1 /* TableView.swift in Sources */ = {isa = PBXBuildFile; fileRef = 64B8A4D4267A77C800B5F5A1 /* TableView.swift */; };
		64B8A4DA267A79B200B5F5A1 /* IdentifiableCell.swift in Sources */ = {isa = PBXBuildFile; fileRef = 64B8A4D9267A79B200B5F5A1 /* IdentifiableCell.swift */; };
		64B8A4E7267A7DF300B5F5A1 /* DiffableDataSource.swift in Sources */ = {isa = PBXBuildFile; fileRef = 64B8A4E6267A7DF300B5F5A1 /* DiffableDataSource.swift */; };
		64C7A3932673DF0400951930 /* Main.strings in Resources */ = {isa = PBXBuildFile; fileRef = 64C7A3922673DF0400951930 /* Main.strings */; };
		64C7A3A02673F59500951930 /* ViewModel.swift in Sources */ = {isa = PBXBuildFile; fileRef = 64C7A39F2673F59500951930 /* ViewModel.swift */; };
		64C7A3A82673F5A600951930 /* ViewModel+TypeErasure.swift in Sources */ = {isa = PBXBuildFile; fileRef = 64C7A3A72673F5A600951930 /* ViewModel+TypeErasure.swift */; };
		64C7A3AD2673F5DB00951930 /* ViewModeled.swift in Sources */ = {isa = PBXBuildFile; fileRef = 64C7A3AC2673F5DB00951930 /* ViewModeled.swift */; };
		64C7A3B22673F60600951930 /* ModelUpdate.swift in Sources */ = {isa = PBXBuildFile; fileRef = 64C7A3B12673F60600951930 /* ModelUpdate.swift */; };
		64C7A3BC2673F65B00951930 /* UIView+Anchor.swift in Sources */ = {isa = PBXBuildFile; fileRef = 64C7A3BB2673F65B00951930 /* UIView+Anchor.swift */; };
		64E6E90F2672F59100BDE2E6 /* AppDelegate.swift in Sources */ = {isa = PBXBuildFile; fileRef = 64E6E90E2672F59100BDE2E6 /* AppDelegate.swift */; };
		64E6E9112672F59100BDE2E6 /* SceneDelegate.swift in Sources */ = {isa = PBXBuildFile; fileRef = 64E6E9102672F59100BDE2E6 /* SceneDelegate.swift */; };
		64E6E9182672F59300BDE2E6 /* Assets.xcassets in Resources */ = {isa = PBXBuildFile; fileRef = 64E6E9172672F59300BDE2E6 /* Assets.xcassets */; };
		64E6E91B2672F59300BDE2E6 /* LaunchScreen.storyboard in Resources */ = {isa = PBXBuildFile; fileRef = 64E6E9192672F59300BDE2E6 /* LaunchScreen.storyboard */; };
		64E6E9312672F59300BDE2E6 /* fetch_seat_geekUITests.swift in Sources */ = {isa = PBXBuildFile; fileRef = 64E6E9302672F59300BDE2E6 /* fetch_seat_geekUITests.swift */; };
		64E6E96B2672F90000BDE2E6 /* R.generated.swift in Sources */ = {isa = PBXBuildFile; fileRef = 64E6E96A2672F90000BDE2E6 /* R.generated.swift */; };
		64E6E9702672F96400BDE2E6 /* NetworkService.swift in Sources */ = {isa = PBXBuildFile; fileRef = 64E6E96F2672F96400BDE2E6 /* NetworkService.swift */; };
		64E6E99B2672F9CE00BDE2E6 /* DependencyManager.swift in Sources */ = {isa = PBXBuildFile; fileRef = 64E6E9992672F9CE00BDE2E6 /* DependencyManager.swift */; };
		64E6E99C2672F9CE00BDE2E6 /* DependencyResolver.swift in Sources */ = {isa = PBXBuildFile; fileRef = 64E6E99A2672F9CE00BDE2E6 /* DependencyResolver.swift */; };
		64E6E9A72672FA2300BDE2E6 /* LogMetadata.swift in Sources */ = {isa = PBXBuildFile; fileRef = 64E6E9A12672FA2300BDE2E6 /* LogMetadata.swift */; };
		64E6E9A82672FA2300BDE2E6 /* Logger.swift in Sources */ = {isa = PBXBuildFile; fileRef = 64E6E9A22672FA2300BDE2E6 /* Logger.swift */; };
		64E6E9A92672FA2300BDE2E6 /* LogFormat.swift in Sources */ = {isa = PBXBuildFile; fileRef = 64E6E9A32672FA2300BDE2E6 /* LogFormat.swift */; };
		64E6E9AA2672FA2300BDE2E6 /* LogLevel.swift in Sources */ = {isa = PBXBuildFile; fileRef = 64E6E9A42672FA2300BDE2E6 /* LogLevel.swift */; };
		64E6E9AB2672FA2300BDE2E6 /* CrashReporter.swift in Sources */ = {isa = PBXBuildFile; fileRef = 64E6E9A52672FA2300BDE2E6 /* CrashReporter.swift */; };
		64E6E9AC2672FA2300BDE2E6 /* OSLogger.swift in Sources */ = {isa = PBXBuildFile; fileRef = 64E6E9A62672FA2300BDE2E6 /* OSLogger.swift */; };
		64E6E9B52672FBB900BDE2E6 /* SeatGeekRoutes.swift in Sources */ = {isa = PBXBuildFile; fileRef = 64E6E9B42672FBB900BDE2E6 /* SeatGeekRoutes.swift */; };
		89BD7C9563D60562466C2B5D /* Pods_fetch_seat_geekTests.framework in Frameworks */ = {isa = PBXBuildFile; fileRef = 194684EF8A48324BE919A546 /* Pods_fetch_seat_geekTests.framework */; };
		9B9DB868CAB1C8847E66D79B /* Pods_fetch_seat_geekUITests.framework in Frameworks */ = {isa = PBXBuildFile; fileRef = 5111C3FD2CD01E6AB313D685 /* Pods_fetch_seat_geekUITests.framework */; };
		D6151CE990784A097DA39D5D /* Pods_fetch_seat_geek.framework in Frameworks */ = {isa = PBXBuildFile; fileRef = 4A1CC6BBA1FA661F4BA8EA8C /* Pods_fetch_seat_geek.framework */; };
/* End PBXBuildFile section */

/* Begin PBXContainerItemProxy section */
		64E6E9222672F59300BDE2E6 /* PBXContainerItemProxy */ = {
			isa = PBXContainerItemProxy;
			containerPortal = 64E6E9032672F59100BDE2E6 /* Project object */;
			proxyType = 1;
			remoteGlobalIDString = 64E6E90A2672F59100BDE2E6;
			remoteInfo = "fetch-seat-geek";
		};
		64E6E92D2672F59300BDE2E6 /* PBXContainerItemProxy */ = {
			isa = PBXContainerItemProxy;
			containerPortal = 64E6E9032672F59100BDE2E6 /* Project object */;
			proxyType = 1;
			remoteGlobalIDString = 64E6E90A2672F59100BDE2E6;
			remoteInfo = "fetch-seat-geek";
		};
/* End PBXContainerItemProxy section */

/* Begin PBXFileReference section */
		194684EF8A48324BE919A546 /* Pods_fetch_seat_geekTests.framework */ = {isa = PBXFileReference; explicitFileType = wrapper.framework; includeInIndex = 0; path = Pods_fetch_seat_geekTests.framework; sourceTree = BUILT_PRODUCTS_DIR; };
		32252E898AE8BC658927026B /* Pods-fetch-seat-geekUITests.debug.xcconfig */ = {isa = PBXFileReference; includeInIndex = 1; lastKnownFileType = text.xcconfig; name = "Pods-fetch-seat-geekUITests.debug.xcconfig"; path = "Target Support Files/Pods-fetch-seat-geekUITests/Pods-fetch-seat-geekUITests.debug.xcconfig"; sourceTree = "<group>"; };
		4A1CC6BBA1FA661F4BA8EA8C /* Pods_fetch_seat_geek.framework */ = {isa = PBXFileReference; explicitFileType = wrapper.framework; includeInIndex = 0; path = Pods_fetch_seat_geek.framework; sourceTree = BUILT_PRODUCTS_DIR; };
		5111C3FD2CD01E6AB313D685 /* Pods_fetch_seat_geekUITests.framework */ = {isa = PBXFileReference; explicitFileType = wrapper.framework; includeInIndex = 0; path = Pods_fetch_seat_geekUITests.framework; sourceTree = BUILT_PRODUCTS_DIR; };
		59965EF54F73FD3B84CD2FD3 /* Pods-fetch-seat-geekTests.release.xcconfig */ = {isa = PBXFileReference; includeInIndex = 1; lastKnownFileType = text.xcconfig; name = "Pods-fetch-seat-geekTests.release.xcconfig"; path = "Target Support Files/Pods-fetch-seat-geekTests/Pods-fetch-seat-geekTests.release.xcconfig"; sourceTree = "<group>"; };
		640F87592678155F0055C4A4 /* LoggerTests.swift */ = {isa = PBXFileReference; lastKnownFileType = sourcecode.swift; path = LoggerTests.swift; sourceTree = "<group>"; };
		640F8761267826070055C4A4 /* CoreLogger.swift */ = {isa = PBXFileReference; lastKnownFileType = sourcecode.swift; path = CoreLogger.swift; sourceTree = "<group>"; };
		640F8766267827200055C4A4 /* MockCoreLogger.swift */ = {isa = PBXFileReference; lastKnownFileType = sourcecode.swift; path = MockCoreLogger.swift; sourceTree = "<group>"; };
		640F876B267831440055C4A4 /* SGLocation.swift */ = {isa = PBXFileReference; lastKnownFileType = sourcecode.swift; path = SGLocation.swift; sourceTree = "<group>"; };
		640F87702678314A0055C4A4 /* SGLink.swift */ = {isa = PBXFileReference; lastKnownFileType = sourcecode.swift; path = SGLink.swift; sourceTree = "<group>"; };
		640F8775267831510055C4A4 /* SGPerformerImages.swift */ = {isa = PBXFileReference; lastKnownFileType = sourcecode.swift; path = SGPerformerImages.swift; sourceTree = "<group>"; };
		640F877A267831580055C4A4 /* SGEventStats.swift */ = {isa = PBXFileReference; lastKnownFileType = sourcecode.swift; path = SGEventStats.swift; sourceTree = "<group>"; };
		640F877F2678315F0055C4A4 /* SGTaxonomy.swift */ = {isa = PBXFileReference; lastKnownFileType = sourcecode.swift; path = SGTaxonomy.swift; sourceTree = "<group>"; };
		640F878C267839170055C4A4 /* SGGenre.swift */ = {isa = PBXFileReference; lastKnownFileType = sourcecode.swift; path = SGGenre.swift; sourceTree = "<group>"; };
		640F879426783C940055C4A4 /* SGMetadata.swift */ = {isa = PBXFileReference; lastKnownFileType = sourcecode.swift; path = SGMetadata.swift; sourceTree = "<group>"; };
		640F87B526783EEF0055C4A4 /* GetEventResponse.json */ = {isa = PBXFileReference; fileEncoding = 4; lastKnownFileType = text.json; path = GetEventResponse.json; sourceTree = "<group>"; };
		640F87B626783EEF0055C4A4 /* GetPerformerResponse.json */ = {isa = PBXFileReference; fileEncoding = 4; lastKnownFileType = text.json; path = GetPerformerResponse.json; sourceTree = "<group>"; };
		640F87B726783EEF0055C4A4 /* GetVenueResponse.json */ = {isa = PBXFileReference; fileEncoding = 4; lastKnownFileType = text.json; path = GetVenueResponse.json; sourceTree = "<group>"; };
		640F87B826783EEF0055C4A4 /* EventsResponse.json */ = {isa = PBXFileReference; fileEncoding = 4; lastKnownFileType = text.json; path = EventsResponse.json; sourceTree = "<group>"; };
		640F87B926783EEF0055C4A4 /* PerformersResponse.json */ = {isa = PBXFileReference; fileEncoding = 4; lastKnownFileType = text.json; path = PerformersResponse.json; sourceTree = "<group>"; };
		640F87BA26783EEF0055C4A4 /* VenuesResponse.json */ = {isa = PBXFileReference; fileEncoding = 4; lastKnownFileType = text.json; path = VenuesResponse.json; sourceTree = "<group>"; };
		640F87C726783F0C0055C4A4 /* SeatGeekInteractorTests.swift */ = {isa = PBXFileReference; lastKnownFileType = sourcecode.swift; path = SeatGeekInteractorTests.swift; sourceTree = "<group>"; };
		640F87CC26783F7A0055C4A4 /* NetworkServiceMock.swift */ = {isa = PBXFileReference; lastKnownFileType = sourcecode.swift; path = NetworkServiceMock.swift; sourceTree = "<group>"; };
		640F87D2267840E30055C4A4 /* NetworkResultBuilder.swift */ = {isa = PBXFileReference; lastKnownFileType = sourcecode.swift; path = NetworkResultBuilder.swift; sourceTree = "<group>"; };
		6435935857E5A5FA497E6DD2 /* Pods-fetch-seat-geek.debug.xcconfig */ = {isa = PBXFileReference; includeInIndex = 1; lastKnownFileType = text.xcconfig; name = "Pods-fetch-seat-geek.debug.xcconfig"; path = "Target Support Files/Pods-fetch-seat-geek/Pods-fetch-seat-geek.debug.xcconfig"; sourceTree = "<group>"; };
		64365DC3267D59FC0088E82D /* EventsInnerCollectionCell.swift */ = {isa = PBXFileReference; lastKnownFileType = sourcecode.swift; path = EventsInnerCollectionCell.swift; sourceTree = "<group>"; };
		64365DC8267D5A030088E82D /* EventsCollectionView.swift */ = {isa = PBXFileReference; lastKnownFileType = sourcecode.swift; path = EventsCollectionView.swift; sourceTree = "<group>"; };
		6440B6EE267558140087987F /* RxSwift+SubscribeToResult.swift */ = {isa = PBXFileReference; lastKnownFileType = sourcecode.swift; path = "RxSwift+SubscribeToResult.swift"; sourceTree = "<group>"; };
		6440B6F926755EA20087987F /* Dictionary+Merge.swift */ = {isa = PBXFileReference; lastKnownFileType = sourcecode.swift; path = "Dictionary+Merge.swift"; sourceTree = "<group>"; };
		6440B6FF2675B2B30087987F /* APIKeysManager.swift */ = {isa = PBXFileReference; lastKnownFileType = sourcecode.swift; path = APIKeysManager.swift; sourceTree = "<group>"; };
		6440B71326766C7F0087987F /* api-keys.plist */ = {isa = PBXFileReference; lastKnownFileType = text.plist; path = "api-keys.plist"; sourceTree = SOURCE_ROOT; };
		6440B71926766CD80087987F /* AppConstants.swift */ = {isa = PBXFileReference; lastKnownFileType = sourcecode.swift; path = AppConstants.swift; sourceTree = "<group>"; };
		6440B72526766F4C0087987F /* FileHelper.swift */ = {isa = PBXFileReference; lastKnownFileType = sourcecode.swift; path = FileHelper.swift; sourceTree = "<group>"; };
		6440B7322676700B0087987F /* NetworkAuthMethod.swift */ = {isa = PBXFileReference; lastKnownFileType = sourcecode.swift; path = NetworkAuthMethod.swift; sourceTree = "<group>"; };
		6440B73A267670130087987F /* NetworkPlugin.swift */ = {isa = PBXFileReference; lastKnownFileType = sourcecode.swift; path = NetworkPlugin.swift; sourceTree = "<group>"; };
		6440B73F2676701A0087987F /* NetworkLoggerPlugin.swift */ = {isa = PBXFileReference; lastKnownFileType = sourcecode.swift; path = NetworkLoggerPlugin.swift; sourceTree = "<group>"; };
		6440B744267670210087987F /* NetworkAuthPlugin.swift */ = {isa = PBXFileReference; lastKnownFileType = sourcecode.swift; path = NetworkAuthPlugin.swift; sourceTree = "<group>"; };
		6440B7492676702C0087987F /* NetworkServicing.swift */ = {isa = PBXFileReference; lastKnownFileType = sourcecode.swift; path = NetworkServicing.swift; sourceTree = "<group>"; };
		6440B74E267670330087987F /* NetworkResult.swift */ = {isa = PBXFileReference; lastKnownFileType = sourcecode.swift; path = NetworkResult.swift; sourceTree = "<group>"; };
		6440B7532676711E0087987F /* Headers.swift */ = {isa = PBXFileReference; lastKnownFileType = sourcecode.swift; path = Headers.swift; sourceTree = "<group>"; };
		6440B758267671270087987F /* HTTPMethod.swift */ = {isa = PBXFileReference; lastKnownFileType = sourcecode.swift; path = HTTPMethod.swift; sourceTree = "<group>"; };
		6440B75D267671420087987F /* Route.swift */ = {isa = PBXFileReference; lastKnownFileType = sourcecode.swift; path = Route.swift; sourceTree = "<group>"; };
		6440B76A267672660087987F /* NetworkServiceTests.swift */ = {isa = PBXFileReference; fileEncoding = 4; lastKnownFileType = sourcecode.swift; path = NetworkServiceTests.swift; sourceTree = "<group>"; };
		6440B7A4267675920087987F /* URLSessionMock.swift */ = {isa = PBXFileReference; lastKnownFileType = sourcecode.swift; path = URLSessionMock.swift; sourceTree = "<group>"; };
		6440B7A9267676180087987F /* LoggerMock.swift */ = {isa = PBXFileReference; lastKnownFileType = sourcecode.swift; path = LoggerMock.swift; sourceTree = "<group>"; };
		6440B7AE2676864D0087987F /* NetworkPluginMock.swift */ = {isa = PBXFileReference; lastKnownFileType = sourcecode.swift; path = NetworkPluginMock.swift; sourceTree = "<group>"; };
		6440B7B3267687710087987F /* RouteMock.swift */ = {isa = PBXFileReference; lastKnownFileType = sourcecode.swift; path = RouteMock.swift; sourceTree = "<group>"; };
		6440B7D8267696710087987F /* SeatGeekInteractor.swift */ = {isa = PBXFileReference; lastKnownFileType = sourcecode.swift; path = SeatGeekInteractor.swift; sourceTree = "<group>"; };
		6440B7E02676C94A0087987F /* SGEvent.swift */ = {isa = PBXFileReference; lastKnownFileType = sourcecode.swift; path = SGEvent.swift; sourceTree = "<group>"; };
		6440B7E52676C9560087987F /* SGPerformer.swift */ = {isa = PBXFileReference; lastKnownFileType = sourcecode.swift; path = SGPerformer.swift; sourceTree = "<group>"; };
		6440B7EA2676C9610087987F /* SGVenue.swift */ = {isa = PBXFileReference; lastKnownFileType = sourcecode.swift; path = SGVenue.swift; sourceTree = "<group>"; };
		644AF5972679018500E62181 /* QueryDebouncer.swift */ = {isa = PBXFileReference; lastKnownFileType = sourcecode.swift; path = QueryDebouncer.swift; sourceTree = "<group>"; };
		644AF5A12679048400E62181 /* UICollectionView+NearestCell.swift */ = {isa = PBXFileReference; lastKnownFileType = sourcecode.swift; path = "UICollectionView+NearestCell.swift"; sourceTree = "<group>"; };
		644AF5A62679050700E62181 /* SearchResultsViewController.swift */ = {isa = PBXFileReference; lastKnownFileType = sourcecode.swift; path = SearchResultsViewController.swift; sourceTree = "<group>"; };
		644AF5AE2679059F00E62181 /* EmptyListBackground.swift */ = {isa = PBXFileReference; lastKnownFileType = sourcecode.swift; path = EmptyListBackground.swift; sourceTree = "<group>"; };
		644AF5B62679104A00E62181 /* TitledBannerView.swift */ = {isa = PBXFileReference; lastKnownFileType = sourcecode.swift; path = TitledBannerView.swift; sourceTree = "<group>"; };
		644AF5BE2679109F00E62181 /* HeartButton.swift */ = {isa = PBXFileReference; lastKnownFileType = sourcecode.swift; path = HeartButton.swift; sourceTree = "<group>"; };
		644AF5C32679166000E62181 /* EventSummarySmallView.swift */ = {isa = PBXFileReference; lastKnownFileType = sourcecode.swift; path = EventSummarySmallView.swift; sourceTree = "<group>"; };
		644AF5CD26791F4400E62181 /* LabelsStylesheet.swift */ = {isa = PBXFileReference; lastKnownFileType = sourcecode.swift; path = LabelsStylesheet.swift; sourceTree = "<group>"; };
		644AF5DB2679648C00E62181 /* SGEventSummary.swift */ = {isa = PBXFileReference; lastKnownFileType = sourcecode.swift; path = SGEventSummary.swift; sourceTree = "<group>"; };
		644AF5E026797A0700E62181 /* General.strings */ = {isa = PBXFileReference; lastKnownFileType = text.plist.strings; path = General.strings; sourceTree = "<group>"; };
		644AF5E526797B4200E62181 /* PriceTagView.swift */ = {isa = PBXFileReference; lastKnownFileType = sourcecode.swift; path = PriceTagView.swift; sourceTree = "<group>"; };
		645D684E267CFFCB005C3D97 /* ApplicationManager.swift */ = {isa = PBXFileReference; lastKnownFileType = sourcecode.swift; path = ApplicationManager.swift; sourceTree = "<group>"; };
		645D6853267D0E97005C3D97 /* LargeTitledNavigationBar.swift */ = {isa = PBXFileReference; lastKnownFileType = sourcecode.swift; path = LargeTitledNavigationBar.swift; sourceTree = "<group>"; };
		645D6859267D2508005C3D97 /* ViewMoreHeaderView.swift */ = {isa = PBXFileReference; lastKnownFileType = sourcecode.swift; path = ViewMoreHeaderView.swift; sourceTree = "<group>"; };
		645D685E267D2701005C3D97 /* Array+ValidIndex.swift */ = {isa = PBXFileReference; lastKnownFileType = sourcecode.swift; path = "Array+ValidIndex.swift"; sourceTree = "<group>"; };
		645D6863267D3660005C3D97 /* InnerCollectionTableCell.swift */ = {isa = PBXFileReference; lastKnownFileType = sourcecode.swift; path = InnerCollectionTableCell.swift; sourceTree = "<group>"; };
		645D686B267D42E8005C3D97 /* EventSummaryLargeCell.swift */ = {isa = PBXFileReference; lastKnownFileType = sourcecode.swift; path = EventSummaryLargeCell.swift; sourceTree = "<group>"; };
		645D6870267D42F2005C3D97 /* EventSummarySmallCell.swift */ = {isa = PBXFileReference; lastKnownFileType = sourcecode.swift; path = EventSummarySmallCell.swift; sourceTree = "<group>"; };
		645D6875267D5087005C3D97 /* FeaturedInnerCollectionCell.swift */ = {isa = PBXFileReference; lastKnownFileType = sourcecode.swift; path = FeaturedInnerCollectionCell.swift; sourceTree = "<group>"; };
		645D687B267D50C2005C3D97 /* FeaturedCollectionView.swift */ = {isa = PBXFileReference; lastKnownFileType = sourcecode.swift; path = FeaturedCollectionView.swift; sourceTree = "<group>"; };
		645D6886267D5240005C3D97 /* PerformerSummaryView.swift */ = {isa = PBXFileReference; lastKnownFileType = sourcecode.swift; path = PerformerSummaryView.swift; sourceTree = "<group>"; };
		645D6892267D526A005C3D97 /* GenreSummaryView.swift */ = {isa = PBXFileReference; lastKnownFileType = sourcecode.swift; path = GenreSummaryView.swift; sourceTree = "<group>"; };
		645D689A267D52BF005C3D97 /* TintedImageView.swift */ = {isa = PBXFileReference; lastKnownFileType = sourcecode.swift; path = TintedImageView.swift; sourceTree = "<group>"; };
		645D68A2267D5789005C3D97 /* PerformerSummaryCell.swift */ = {isa = PBXFileReference; lastKnownFileType = sourcecode.swift; path = PerformerSummaryCell.swift; sourceTree = "<group>"; };
		645D68A7267D57B1005C3D97 /* GenreSummaryCell.swift */ = {isa = PBXFileReference; lastKnownFileType = sourcecode.swift; path = GenreSummaryCell.swift; sourceTree = "<group>"; };
		645D68AC267D588C005C3D97 /* GenresCollectionView.swift */ = {isa = PBXFileReference; lastKnownFileType = sourcecode.swift; path = GenresCollectionView.swift; sourceTree = "<group>"; };
		645D68B1267D58D5005C3D97 /* GenresInnerCollectionCell.swift */ = {isa = PBXFileReference; lastKnownFileType = sourcecode.swift; path = GenresInnerCollectionCell.swift; sourceTree = "<group>"; };
		646E1BD326798D2C009BF8E1 /* ProximaNova-Bold.otf */ = {isa = PBXFileReference; lastKnownFileType = file; path = "ProximaNova-Bold.otf"; sourceTree = "<group>"; };
		646E1BD426798D2C009BF8E1 /* ProximaNova-SemiboldItalic.otf */ = {isa = PBXFileReference; lastKnownFileType = file; path = "ProximaNova-SemiboldItalic.otf"; sourceTree = "<group>"; };
		646E1BD526798D2C009BF8E1 /* ProximaNova-Regular.otf */ = {isa = PBXFileReference; lastKnownFileType = file; path = "ProximaNova-Regular.otf"; sourceTree = "<group>"; };
		646E1BD626798D2C009BF8E1 /* ProximaNova-Semibold.otf */ = {isa = PBXFileReference; lastKnownFileType = file; path = "ProximaNova-Semibold.otf"; sourceTree = "<group>"; };
		646E1BD726798D2D009BF8E1 /* ProximaNova-RegularItalic.otf */ = {isa = PBXFileReference; lastKnownFileType = file; path = "ProximaNova-RegularItalic.otf"; sourceTree = "<group>"; };
		646E1BD826798D2D009BF8E1 /* ProximaNova-Black.otf */ = {isa = PBXFileReference; lastKnownFileType = file; path = "ProximaNova-Black.otf"; sourceTree = "<group>"; };
		646E1BD926798D2D009BF8E1 /* ProximaNova-Light.otf */ = {isa = PBXFileReference; lastKnownFileType = file; path = "ProximaNova-Light.otf"; sourceTree = "<group>"; };
		646E1BDA26798D2D009BF8E1 /* ProximaNova-BoldIt.otf */ = {isa = PBXFileReference; lastKnownFileType = file; path = "ProximaNova-BoldIt.otf"; sourceTree = "<group>"; };
		646E1BDB26798D2D009BF8E1 /* ProximaNova-LightItalic.otf */ = {isa = PBXFileReference; lastKnownFileType = file; path = "ProximaNova-LightItalic.otf"; sourceTree = "<group>"; };
		646E1BDC26798D2D009BF8E1 /* ProximaNova-Extrabold.otf */ = {isa = PBXFileReference; lastKnownFileType = file; path = "ProximaNova-Extrabold.otf"; sourceTree = "<group>"; };
		64A03764267BF66900A27D5E /* Int?+Add+Subtract.swift */ = {isa = PBXFileReference; lastKnownFileType = sourcecode.swift; path = "Int?+Add+Subtract.swift"; sourceTree = "<group>"; };
		64A0376C267BF8C200A27D5E /* Comparable+Clamp.swift */ = {isa = PBXFileReference; fileEncoding = 4; lastKnownFileType = sourcecode.swift; path = "Comparable+Clamp.swift"; sourceTree = "<group>"; };
		64A03777267C344100A27D5E /* Array+Chunked.swift */ = {isa = PBXFileReference; lastKnownFileType = sourcecode.swift; path = "Array+Chunked.swift"; sourceTree = "<group>"; };
		64A037A0267C360000A27D5E /* BrowseViewController.swift */ = {isa = PBXFileReference; lastKnownFileType = sourcecode.swift; path = BrowseViewController.swift; sourceTree = "<group>"; };
		64A037B1267CF2D100A27D5E /* BrowseViewModel.swift */ = {isa = PBXFileReference; lastKnownFileType = sourcecode.swift; path = BrowseViewModel.swift; sourceTree = "<group>"; };
		64A32BF22678E00300EEE8BF /* TabController.swift */ = {isa = PBXFileReference; lastKnownFileType = sourcecode.swift; path = TabController.swift; sourceTree = "<group>"; };
		64A32BFD2678EC5600EEE8BF /* EventSummaryLargeView.swift */ = {isa = PBXFileReference; lastKnownFileType = sourcecode.swift; path = EventSummaryLargeView.swift; sourceTree = "<group>"; };
		64A32C0F2678F2AD00EEE8BF /* ViewController.swift */ = {isa = PBXFileReference; lastKnownFileType = sourcecode.swift; path = ViewController.swift; sourceTree = "<group>"; };
		64A4D35E267E26B70089386E /* BrowseSection.swift */ = {isa = PBXFileReference; lastKnownFileType = sourcecode.swift; path = BrowseSection.swift; sourceTree = "<group>"; };
		64A4D363267E7D330089386E /* ZoomAndSnapFlowLayout.swift */ = {isa = PBXFileReference; lastKnownFileType = sourcecode.swift; path = ZoomAndSnapFlowLayout.swift; sourceTree = "<group>"; };
		64B05E662676D5FD00CFBEA4 /* Services.strings */ = {isa = PBXFileReference; lastKnownFileType = text.plist.strings; path = Services.strings; sourceTree = "<group>"; };
		64B05E6C2676E23C00CFBEA4 /* EventStub.swift */ = {isa = PBXFileReference; lastKnownFileType = sourcecode.swift; path = EventStub.swift; sourceTree = "<group>"; };
		64B05E742676E25300CFBEA4 /* PerformerStub.swift */ = {isa = PBXFileReference; lastKnownFileType = sourcecode.swift; path = PerformerStub.swift; sourceTree = "<group>"; };
		64B05E792676E25900CFBEA4 /* VenueStub.swift */ = {isa = PBXFileReference; lastKnownFileType = sourcecode.swift; path = VenueStub.swift; sourceTree = "<group>"; };
		64B18BA62676D21B002924C8 /* SGResponses.swift */ = {isa = PBXFileReference; lastKnownFileType = sourcecode.swift; path = SGResponses.swift; sourceTree = "<group>"; };
		64B8A4CA267A766600B5F5A1 /* WindowManaging.swift */ = {isa = PBXFileReference; lastKnownFileType = sourcecode.swift; path = WindowManaging.swift; sourceTree = "<group>"; };
		64B8A4CF267A77B000B5F5A1 /* CollectionView.swift */ = {isa = PBXFileReference; lastKnownFileType = sourcecode.swift; path = CollectionView.swift; sourceTree = "<group>"; };
		64B8A4D4267A77C800B5F5A1 /* TableView.swift */ = {isa = PBXFileReference; lastKnownFileType = sourcecode.swift; path = TableView.swift; sourceTree = "<group>"; };
		64B8A4D9267A79B200B5F5A1 /* IdentifiableCell.swift */ = {isa = PBXFileReference; lastKnownFileType = sourcecode.swift; path = IdentifiableCell.swift; sourceTree = "<group>"; };
		64B8A4E6267A7DF300B5F5A1 /* DiffableDataSource.swift */ = {isa = PBXFileReference; lastKnownFileType = sourcecode.swift; path = DiffableDataSource.swift; sourceTree = "<group>"; };
		64C7A3922673DF0400951930 /* Main.strings */ = {isa = PBXFileReference; lastKnownFileType = text.plist.strings; path = Main.strings; sourceTree = "<group>"; };
		64C7A39F2673F59500951930 /* ViewModel.swift */ = {isa = PBXFileReference; lastKnownFileType = sourcecode.swift; path = ViewModel.swift; sourceTree = "<group>"; };
		64C7A3A72673F5A600951930 /* ViewModel+TypeErasure.swift */ = {isa = PBXFileReference; lastKnownFileType = sourcecode.swift; path = "ViewModel+TypeErasure.swift"; sourceTree = "<group>"; };
		64C7A3AC2673F5DB00951930 /* ViewModeled.swift */ = {isa = PBXFileReference; lastKnownFileType = sourcecode.swift; path = ViewModeled.swift; sourceTree = "<group>"; };
		64C7A3B12673F60600951930 /* ModelUpdate.swift */ = {isa = PBXFileReference; lastKnownFileType = sourcecode.swift; path = ModelUpdate.swift; sourceTree = "<group>"; };
		64C7A3BB2673F65B00951930 /* UIView+Anchor.swift */ = {isa = PBXFileReference; lastKnownFileType = sourcecode.swift; path = "UIView+Anchor.swift"; sourceTree = "<group>"; };
		64E6E90B2672F59100BDE2E6 /* fetch-seat-geek.app */ = {isa = PBXFileReference; explicitFileType = wrapper.application; includeInIndex = 0; path = "fetch-seat-geek.app"; sourceTree = BUILT_PRODUCTS_DIR; };
		64E6E90E2672F59100BDE2E6 /* AppDelegate.swift */ = {isa = PBXFileReference; lastKnownFileType = sourcecode.swift; path = AppDelegate.swift; sourceTree = "<group>"; };
		64E6E9102672F59100BDE2E6 /* SceneDelegate.swift */ = {isa = PBXFileReference; lastKnownFileType = sourcecode.swift; path = SceneDelegate.swift; sourceTree = "<group>"; };
		64E6E9172672F59300BDE2E6 /* Assets.xcassets */ = {isa = PBXFileReference; lastKnownFileType = folder.assetcatalog; path = Assets.xcassets; sourceTree = "<group>"; };
		64E6E91A2672F59300BDE2E6 /* Base */ = {isa = PBXFileReference; lastKnownFileType = file.storyboard; name = Base; path = Base.lproj/LaunchScreen.storyboard; sourceTree = "<group>"; };
		64E6E91C2672F59300BDE2E6 /* Info.plist */ = {isa = PBXFileReference; lastKnownFileType = text.plist.xml; path = Info.plist; sourceTree = "<group>"; };
		64E6E9212672F59300BDE2E6 /* fetch-seat-geekTests.xctest */ = {isa = PBXFileReference; explicitFileType = wrapper.cfbundle; includeInIndex = 0; path = "fetch-seat-geekTests.xctest"; sourceTree = BUILT_PRODUCTS_DIR; };
		64E6E9272672F59300BDE2E6 /* Info.plist */ = {isa = PBXFileReference; lastKnownFileType = text.plist.xml; path = Info.plist; sourceTree = "<group>"; };
		64E6E92C2672F59300BDE2E6 /* fetch-seat-geekUITests.xctest */ = {isa = PBXFileReference; explicitFileType = wrapper.cfbundle; includeInIndex = 0; path = "fetch-seat-geekUITests.xctest"; sourceTree = BUILT_PRODUCTS_DIR; };
		64E6E9302672F59300BDE2E6 /* fetch_seat_geekUITests.swift */ = {isa = PBXFileReference; lastKnownFileType = sourcecode.swift; path = fetch_seat_geekUITests.swift; sourceTree = "<group>"; };
		64E6E9322672F59300BDE2E6 /* Info.plist */ = {isa = PBXFileReference; lastKnownFileType = text.plist.xml; path = Info.plist; sourceTree = "<group>"; };
		64E6E96A2672F90000BDE2E6 /* R.generated.swift */ = {isa = PBXFileReference; fileEncoding = 4; lastKnownFileType = sourcecode.swift; path = R.generated.swift; sourceTree = SOURCE_ROOT; };
		64E6E96F2672F96400BDE2E6 /* NetworkService.swift */ = {isa = PBXFileReference; lastKnownFileType = sourcecode.swift; path = NetworkService.swift; sourceTree = "<group>"; };
		64E6E9992672F9CE00BDE2E6 /* DependencyManager.swift */ = {isa = PBXFileReference; fileEncoding = 4; lastKnownFileType = sourcecode.swift; path = DependencyManager.swift; sourceTree = "<group>"; };
		64E6E99A2672F9CE00BDE2E6 /* DependencyResolver.swift */ = {isa = PBXFileReference; fileEncoding = 4; lastKnownFileType = sourcecode.swift; path = DependencyResolver.swift; sourceTree = "<group>"; };
		64E6E9A12672FA2300BDE2E6 /* LogMetadata.swift */ = {isa = PBXFileReference; fileEncoding = 4; lastKnownFileType = sourcecode.swift; path = LogMetadata.swift; sourceTree = "<group>"; };
		64E6E9A22672FA2300BDE2E6 /* Logger.swift */ = {isa = PBXFileReference; fileEncoding = 4; lastKnownFileType = sourcecode.swift; path = Logger.swift; sourceTree = "<group>"; };
		64E6E9A32672FA2300BDE2E6 /* LogFormat.swift */ = {isa = PBXFileReference; fileEncoding = 4; lastKnownFileType = sourcecode.swift; path = LogFormat.swift; sourceTree = "<group>"; };
		64E6E9A42672FA2300BDE2E6 /* LogLevel.swift */ = {isa = PBXFileReference; fileEncoding = 4; lastKnownFileType = sourcecode.swift; path = LogLevel.swift; sourceTree = "<group>"; };
		64E6E9A52672FA2300BDE2E6 /* CrashReporter.swift */ = {isa = PBXFileReference; fileEncoding = 4; lastKnownFileType = sourcecode.swift; path = CrashReporter.swift; sourceTree = "<group>"; };
		64E6E9A62672FA2300BDE2E6 /* OSLogger.swift */ = {isa = PBXFileReference; fileEncoding = 4; lastKnownFileType = sourcecode.swift; path = OSLogger.swift; sourceTree = "<group>"; };
		64E6E9B42672FBB900BDE2E6 /* SeatGeekRoutes.swift */ = {isa = PBXFileReference; lastKnownFileType = sourcecode.swift; path = SeatGeekRoutes.swift; sourceTree = "<group>"; };
		6977923F958B9C5926738351 /* Pods-fetch-seat-geekUITests.release.xcconfig */ = {isa = PBXFileReference; includeInIndex = 1; lastKnownFileType = text.xcconfig; name = "Pods-fetch-seat-geekUITests.release.xcconfig"; path = "Target Support Files/Pods-fetch-seat-geekUITests/Pods-fetch-seat-geekUITests.release.xcconfig"; sourceTree = "<group>"; };
		6D358973D808F71381900DDA /* Pods-fetch-seat-geek-fetch-seat-geekUITests.release.xcconfig */ = {isa = PBXFileReference; includeInIndex = 1; lastKnownFileType = text.xcconfig; name = "Pods-fetch-seat-geek-fetch-seat-geekUITests.release.xcconfig"; path = "Target Support Files/Pods-fetch-seat-geek-fetch-seat-geekUITests/Pods-fetch-seat-geek-fetch-seat-geekUITests.release.xcconfig"; sourceTree = "<group>"; };
		82B64FCB793F03E89F9495E2 /* Pods-fetch-seat-geek.release.xcconfig */ = {isa = PBXFileReference; includeInIndex = 1; lastKnownFileType = text.xcconfig; name = "Pods-fetch-seat-geek.release.xcconfig"; path = "Target Support Files/Pods-fetch-seat-geek/Pods-fetch-seat-geek.release.xcconfig"; sourceTree = "<group>"; };
		83A12EC51BBE3C8F586E923E /* Pods-fetch-seat-geekTests.debug.xcconfig */ = {isa = PBXFileReference; includeInIndex = 1; lastKnownFileType = text.xcconfig; name = "Pods-fetch-seat-geekTests.debug.xcconfig"; path = "Target Support Files/Pods-fetch-seat-geekTests/Pods-fetch-seat-geekTests.debug.xcconfig"; sourceTree = "<group>"; };
		E3064B52283C70307368FA45 /* Pods-fetch-seat-geek-fetch-seat-geekUITests.debug.xcconfig */ = {isa = PBXFileReference; includeInIndex = 1; lastKnownFileType = text.xcconfig; name = "Pods-fetch-seat-geek-fetch-seat-geekUITests.debug.xcconfig"; path = "Target Support Files/Pods-fetch-seat-geek-fetch-seat-geekUITests/Pods-fetch-seat-geek-fetch-seat-geekUITests.debug.xcconfig"; sourceTree = "<group>"; };
/* End PBXFileReference section */

/* Begin PBXFrameworksBuildPhase section */
		64E6E9082672F59100BDE2E6 /* Frameworks */ = {
			isa = PBXFrameworksBuildPhase;
			buildActionMask = 2147483647;
			files = (
				D6151CE990784A097DA39D5D /* Pods_fetch_seat_geek.framework in Frameworks */,
			);
			runOnlyForDeploymentPostprocessing = 0;
		};
		64E6E91E2672F59300BDE2E6 /* Frameworks */ = {
			isa = PBXFrameworksBuildPhase;
			buildActionMask = 2147483647;
			files = (
				89BD7C9563D60562466C2B5D /* Pods_fetch_seat_geekTests.framework in Frameworks */,
			);
			runOnlyForDeploymentPostprocessing = 0;
		};
		64E6E9292672F59300BDE2E6 /* Frameworks */ = {
			isa = PBXFrameworksBuildPhase;
			buildActionMask = 2147483647;
			files = (
				9B9DB868CAB1C8847E66D79B /* Pods_fetch_seat_geekUITests.framework in Frameworks */,
			);
			runOnlyForDeploymentPostprocessing = 0;
		};
/* End PBXFrameworksBuildPhase section */

/* Begin PBXGroup section */
		08D7F4CD06D4A713CA6D8903 /* Frameworks */ = {
			isa = PBXGroup;
			children = (
				4A1CC6BBA1FA661F4BA8EA8C /* Pods_fetch_seat_geek.framework */,
				194684EF8A48324BE919A546 /* Pods_fetch_seat_geekTests.framework */,
				5111C3FD2CD01E6AB313D685 /* Pods_fetch_seat_geekUITests.framework */,
			);
			name = Frameworks;
			sourceTree = "<group>";
		};
		640F8758267815470055C4A4 /* Tests */ = {
			isa = PBXGroup;
			children = (
				6440B76A267672660087987F /* NetworkServiceTests.swift */,
				640F87592678155F0055C4A4 /* LoggerTests.swift */,
				640F87C726783F0C0055C4A4 /* SeatGeekInteractorTests.swift */,
			);
			path = Tests;
			sourceTree = "<group>";
		};
		640F87B426783D680055C4A4 /* SeatGeekAPI */ = {
			isa = PBXGroup;
			children = (
				6440B7E02676C94A0087987F /* SGEvent.swift */,
				6440B7E52676C9560087987F /* SGPerformer.swift */,
				6440B7EA2676C9610087987F /* SGVenue.swift */,
				64B18BA62676D21B002924C8 /* SGResponses.swift */,
				640F876B267831440055C4A4 /* SGLocation.swift */,
				640F87702678314A0055C4A4 /* SGLink.swift */,
				640F8775267831510055C4A4 /* SGPerformerImages.swift */,
				640F877A267831580055C4A4 /* SGEventStats.swift */,
				640F877F2678315F0055C4A4 /* SGTaxonomy.swift */,
				640F878C267839170055C4A4 /* SGGenre.swift */,
				640F879426783C940055C4A4 /* SGMetadata.swift */,
			);
			path = SeatGeekAPI;
			sourceTree = "<group>";
		};
		640F87D1267840D60055C4A4 /* Utilities */ = {
			isa = PBXGroup;
			children = (
				640F87D2267840E30055C4A4 /* NetworkResultBuilder.swift */,
			);
			path = Utilities;
			sourceTree = "<group>";
		};
		6440B6F326755CDC0087987F /* APIKeys */ = {
			isa = PBXGroup;
			children = (
				6440B71326766C7F0087987F /* api-keys.plist */,
			);
			path = APIKeys;
			sourceTree = "<group>";
		};
		6440B6FE2675B2A70087987F /* APIKeys */ = {
			isa = PBXGroup;
			children = (
				6440B6FF2675B2B30087987F /* APIKeysManager.swift */,
			);
			path = APIKeys;
			sourceTree = "<group>";
		};
		6440B71826766CCE0087987F /* Constants */ = {
			isa = PBXGroup;
			children = (
				6440B71926766CD80087987F /* AppConstants.swift */,
			);
			path = Constants;
			sourceTree = "<group>";
		};
		6440B73026766FFB0087987F /* Plugins */ = {
			isa = PBXGroup;
			children = (
				6440B73A267670130087987F /* NetworkPlugin.swift */,
				6440B73F2676701A0087987F /* NetworkLoggerPlugin.swift */,
				6440B744267670210087987F /* NetworkAuthPlugin.swift */,
			);
			path = Plugins;
			sourceTree = "<group>";
		};
		6440B731267670000087987F /* Models */ = {
			isa = PBXGroup;
			children = (
				6440B758267671270087987F /* HTTPMethod.swift */,
				6440B7322676700B0087987F /* NetworkAuthMethod.swift */,
				6440B74E267670330087987F /* NetworkResult.swift */,
			);
			path = Models;
			sourceTree = "<group>";
		};
		6440B762267671B40087987F /* Mocks */ = {
			isa = PBXGroup;
			children = (
				6440B7A4267675920087987F /* URLSessionMock.swift */,
				6440B7A9267676180087987F /* LoggerMock.swift */,
				6440B7AE2676864D0087987F /* NetworkPluginMock.swift */,
				6440B7B3267687710087987F /* RouteMock.swift */,
				640F8766267827200055C4A4 /* MockCoreLogger.swift */,
				640F87CC26783F7A0055C4A4 /* NetworkServiceMock.swift */,
			);
			path = Mocks;
			sourceTree = "<group>";
		};
		6440B7D52676964F0087987F /* SeatGeek */ = {
			isa = PBXGroup;
			children = (
				6440B7D8267696710087987F /* SeatGeekInteractor.swift */,
			);
			path = SeatGeek;
			sourceTree = "<group>";
		};
		644AF5CC26791F2D00E62181 /* Stylesheets */ = {
			isa = PBXGroup;
			children = (
				644AF5CD26791F4400E62181 /* LabelsStylesheet.swift */,
			);
			path = Stylesheets;
			sourceTree = "<group>";
		};
		645D687A267D50AC005C3D97 /* Browse */ = {
			isa = PBXGroup;
			children = (
				645D6875267D5087005C3D97 /* FeaturedInnerCollectionCell.swift */,
				645D687B267D50C2005C3D97 /* FeaturedCollectionView.swift */,
				645D68AC267D588C005C3D97 /* GenresCollectionView.swift */,
				645D68B1267D58D5005C3D97 /* GenresInnerCollectionCell.swift */,
				64365DC3267D59FC0088E82D /* EventsInnerCollectionCell.swift */,
				64365DC8267D5A030088E82D /* EventsCollectionView.swift */,
			);
			path = Browse;
			sourceTree = "<group>";
		};
		645D6891267D525F005C3D97 /* Genres */ = {
			isa = PBXGroup;
			children = (
				645D6892267D526A005C3D97 /* GenreSummaryView.swift */,
				645D68A7267D57B1005C3D97 /* GenreSummaryCell.swift */,
			);
			path = Genres;
			sourceTree = "<group>";
		};
		646E1BD226798D1C009BF8E1 /* Fonts */ = {
			isa = PBXGroup;
			children = (
				646E1BD826798D2D009BF8E1 /* ProximaNova-Black.otf */,
				646E1BD326798D2C009BF8E1 /* ProximaNova-Bold.otf */,
				646E1BDA26798D2D009BF8E1 /* ProximaNova-BoldIt.otf */,
				646E1BDC26798D2D009BF8E1 /* ProximaNova-Extrabold.otf */,
				646E1BD926798D2D009BF8E1 /* ProximaNova-Light.otf */,
				646E1BDB26798D2D009BF8E1 /* ProximaNova-LightItalic.otf */,
				646E1BD526798D2C009BF8E1 /* ProximaNova-Regular.otf */,
				646E1BD726798D2D009BF8E1 /* ProximaNova-RegularItalic.otf */,
				646E1BD626798D2C009BF8E1 /* ProximaNova-Semibold.otf */,
				646E1BD426798D2C009BF8E1 /* ProximaNova-SemiboldItalic.otf */,
			);
			path = Fonts;
			sourceTree = "<group>";
		};
		64A037A5267CF2B400A27D5E /* Browse */ = {
			isa = PBXGroup;
			children = (
				64A037A0267C360000A27D5E /* BrowseViewController.swift */,
				64A037B1267CF2D100A27D5E /* BrowseViewModel.swift */,
				64A4D35E267E26B70089386E /* BrowseSection.swift */,
			);
			path = Browse;
			sourceTree = "<group>";
		};
		64A32BFA2678EC3A00EEE8BF /* Events */ = {
			isa = PBXGroup;
			children = (
				64A32BFD2678EC5600EEE8BF /* EventSummaryLargeView.swift */,
				644AF5C32679166000E62181 /* EventSummarySmallView.swift */,
				645D686B267D42E8005C3D97 /* EventSummaryLargeCell.swift */,
				645D6870267D42F2005C3D97 /* EventSummarySmallCell.swift */,
			);
			path = Events;
			sourceTree = "<group>";
		};
		64A32BFB2678EC4100EEE8BF /* Performers */ = {
			isa = PBXGroup;
			children = (
				645D6886267D5240005C3D97 /* PerformerSummaryView.swift */,
				645D68A2267D5789005C3D97 /* PerformerSummaryCell.swift */,
			);
			path = Performers;
			sourceTree = "<group>";
		};
		64A32BFC2678EC4600EEE8BF /* Venues */ = {
			isa = PBXGroup;
			children = (
			);
			path = Venues;
			sourceTree = "<group>";
		};
		64B05E6B2676E1F100CFBEA4 /* Stubs */ = {
			isa = PBXGroup;
			children = (
				640F87B826783EEF0055C4A4 /* EventsResponse.json */,
				640F87B526783EEF0055C4A4 /* GetEventResponse.json */,
				640F87B626783EEF0055C4A4 /* GetPerformerResponse.json */,
				640F87B726783EEF0055C4A4 /* GetVenueResponse.json */,
				640F87B926783EEF0055C4A4 /* PerformersResponse.json */,
				640F87BA26783EEF0055C4A4 /* VenuesResponse.json */,
				64B05E6C2676E23C00CFBEA4 /* EventStub.swift */,
				64B05E742676E25300CFBEA4 /* PerformerStub.swift */,
				64B05E792676E25900CFBEA4 /* VenueStub.swift */,
			);
			path = Stubs;
			sourceTree = "<group>";
		};
		64C7A3912673DE8D00951930 /* Localization */ = {
			isa = PBXGroup;
			children = (
				64C7A3922673DF0400951930 /* Main.strings */,
				64B05E662676D5FD00CFBEA4 /* Services.strings */,
				644AF5E026797A0700E62181 /* General.strings */,
			);
			path = Localization;
			sourceTree = "<group>";
		};
		64C7A39A2673F53C00951930 /* Utilities */ = {
			isa = PBXGroup;
			children = (
				64B8A4E6267A7DF300B5F5A1 /* DiffableDataSource.swift */,
				6440B72526766F4C0087987F /* FileHelper.swift */,
				64C7A39B2673F54100951930 /* Extensions */,
				644AF5972679018500E62181 /* QueryDebouncer.swift */,
				64B8A4CA267A766600B5F5A1 /* WindowManaging.swift */,
				64B8A4D9267A79B200B5F5A1 /* IdentifiableCell.swift */,
				64A4D363267E7D330089386E /* ZoomAndSnapFlowLayout.swift */,
			);
			path = Utilities;
			sourceTree = "<group>";
		};
		64C7A39B2673F54100951930 /* Extensions */ = {
			isa = PBXGroup;
			children = (
				64A0376C267BF8C200A27D5E /* Comparable+Clamp.swift */,
				64C7A3BB2673F65B00951930 /* UIView+Anchor.swift */,
				6440B6EE267558140087987F /* RxSwift+SubscribeToResult.swift */,
				6440B6F926755EA20087987F /* Dictionary+Merge.swift */,
				644AF5A12679048400E62181 /* UICollectionView+NearestCell.swift */,
				64A03764267BF66900A27D5E /* Int?+Add+Subtract.swift */,
				64A03777267C344100A27D5E /* Array+Chunked.swift */,
				645D685E267D2701005C3D97 /* Array+ValidIndex.swift */,
			);
			path = Extensions;
			sourceTree = "<group>";
		};
		64C7A39D2673F56900951930 /* Architecture */ = {
			isa = PBXGroup;
			children = (
				644AF5CC26791F2D00E62181 /* Stylesheets */,
				64C7A39E2673F57200951930 /* ViewModel */,
				64E6E9742672F96800BDE2E6 /* DependencyInjection */,
			);
			path = Architecture;
			sourceTree = "<group>";
		};
		64C7A39E2673F57200951930 /* ViewModel */ = {
			isa = PBXGroup;
			children = (
				64C7A39F2673F59500951930 /* ViewModel.swift */,
				64C7A3A72673F5A600951930 /* ViewModel+TypeErasure.swift */,
				64C7A3AC2673F5DB00951930 /* ViewModeled.swift */,
				64C7A3B12673F60600951930 /* ModelUpdate.swift */,
			);
			path = ViewModel;
			sourceTree = "<group>";
		};
		64E6E9022672F59100BDE2E6 = {
			isa = PBXGroup;
			children = (
				64E6E90D2672F59100BDE2E6 /* fetch-seat-geek */,
				64E6E9242672F59300BDE2E6 /* fetch-seat-geekTests */,
				64E6E92F2672F59300BDE2E6 /* fetch-seat-geekUITests */,
				64E6E90C2672F59100BDE2E6 /* Products */,
				EBAFE4F46C6F2ED0A2D65D04 /* Pods */,
				08D7F4CD06D4A713CA6D8903 /* Frameworks */,
			);
			sourceTree = "<group>";
		};
		64E6E90C2672F59100BDE2E6 /* Products */ = {
			isa = PBXGroup;
			children = (
				64E6E90B2672F59100BDE2E6 /* fetch-seat-geek.app */,
				64E6E9212672F59300BDE2E6 /* fetch-seat-geekTests.xctest */,
				64E6E92C2672F59300BDE2E6 /* fetch-seat-geekUITests.xctest */,
			);
			name = Products;
			sourceTree = "<group>";
		};
		64E6E90D2672F59100BDE2E6 /* fetch-seat-geek */ = {
			isa = PBXGroup;
			children = (
				64C7A39D2673F56900951930 /* Architecture */,
				64C7A39A2673F53C00951930 /* Utilities */,
				64E6E94E2672F73E00BDE2E6 /* Services */,
				64E6E9452672F5B300BDE2E6 /* Models */,
				64E6E9442672F5AE00BDE2E6 /* Pages */,
				64E6E9432672F5AB00BDE2E6 /* Components */,
				64E6E9422672F5A600BDE2E6 /* Resources */,
				64E6E9412672F5A000BDE2E6 /* System */,
				64E6E9172672F59300BDE2E6 /* Assets.xcassets */,
			);
			path = "fetch-seat-geek";
			sourceTree = "<group>";
		};
		64E6E9242672F59300BDE2E6 /* fetch-seat-geekTests */ = {
			isa = PBXGroup;
			children = (
				640F87D1267840D60055C4A4 /* Utilities */,
				640F8758267815470055C4A4 /* Tests */,
				64B05E6B2676E1F100CFBEA4 /* Stubs */,
				6440B762267671B40087987F /* Mocks */,
				64E6E9272672F59300BDE2E6 /* Info.plist */,
			);
			path = "fetch-seat-geekTests";
			sourceTree = "<group>";
		};
		64E6E92F2672F59300BDE2E6 /* fetch-seat-geekUITests */ = {
			isa = PBXGroup;
			children = (
				64E6E9302672F59300BDE2E6 /* fetch_seat_geekUITests.swift */,
				64E6E9322672F59300BDE2E6 /* Info.plist */,
			);
			path = "fetch-seat-geekUITests";
			sourceTree = "<group>";
		};
		64E6E9412672F5A000BDE2E6 /* System */ = {
			isa = PBXGroup;
			children = (
				64E6E9102672F59100BDE2E6 /* SceneDelegate.swift */,
				64E6E91C2672F59300BDE2E6 /* Info.plist */,
				64E6E90E2672F59100BDE2E6 /* AppDelegate.swift */,
				645D684E267CFFCB005C3D97 /* ApplicationManager.swift */,
			);
			path = System;
			sourceTree = "<group>";
		};
		64E6E9422672F5A600BDE2E6 /* Resources */ = {
			isa = PBXGroup;
			children = (
				646E1BD226798D1C009BF8E1 /* Fonts */,
				6440B71826766CCE0087987F /* Constants */,
				6440B6F326755CDC0087987F /* APIKeys */,
				64C7A3912673DE8D00951930 /* Localization */,
				64E6E9692672F8ED00BDE2E6 /* Generated */,
			);
			path = Resources;
			sourceTree = "<group>";
		};
		64E6E9432672F5AB00BDE2E6 /* Components */ = {
			isa = PBXGroup;
			children = (
				645D6891267D525F005C3D97 /* Genres */,
				645D687A267D50AC005C3D97 /* Browse */,
				64A32BFC2678EC4600EEE8BF /* Venues */,
				64A32BFB2678EC4100EEE8BF /* Performers */,
				64A32BFA2678EC3A00EEE8BF /* Events */,
				64E6E9472672F5D700BDE2E6 /* Shared */,
			);
			path = Components;
			sourceTree = "<group>";
		};
		64E6E9442672F5AE00BDE2E6 /* Pages */ = {
			isa = PBXGroup;
			children = (
				64A037A5267CF2B400A27D5E /* Browse */,
				64E6E9462672F5D000BDE2E6 /* Storyboards */,
				64A32BF22678E00300EEE8BF /* TabController.swift */,
				64A32C0F2678F2AD00EEE8BF /* ViewController.swift */,
				644AF5A62679050700E62181 /* SearchResultsViewController.swift */,
			);
			path = Pages;
			sourceTree = "<group>";
		};
		64E6E9452672F5B300BDE2E6 /* Models */ = {
			isa = PBXGroup;
			children = (
				640F87B426783D680055C4A4 /* SeatGeekAPI */,
				644AF5DB2679648C00E62181 /* SGEventSummary.swift */,
			);
			path = Models;
			sourceTree = "<group>";
		};
		64E6E9462672F5D000BDE2E6 /* Storyboards */ = {
			isa = PBXGroup;
			children = (
				64E6E9192672F59300BDE2E6 /* LaunchScreen.storyboard */,
			);
			path = Storyboards;
			sourceTree = "<group>";
		};
		64E6E9472672F5D700BDE2E6 /* Shared */ = {
			isa = PBXGroup;
			children = (
				644AF5AE2679059F00E62181 /* EmptyListBackground.swift */,
				644AF5B62679104A00E62181 /* TitledBannerView.swift */,
				644AF5BE2679109F00E62181 /* HeartButton.swift */,
				644AF5E526797B4200E62181 /* PriceTagView.swift */,
				64B8A4CF267A77B000B5F5A1 /* CollectionView.swift */,
				64B8A4D4267A77C800B5F5A1 /* TableView.swift */,
				645D6853267D0E97005C3D97 /* LargeTitledNavigationBar.swift */,
				645D6859267D2508005C3D97 /* ViewMoreHeaderView.swift */,
				645D6863267D3660005C3D97 /* InnerCollectionTableCell.swift */,
				645D689A267D52BF005C3D97 /* TintedImageView.swift */,
			);
			path = Shared;
			sourceTree = "<group>";
		};
		64E6E94E2672F73E00BDE2E6 /* Services */ = {
			isa = PBXGroup;
			children = (
				6440B7D52676964F0087987F /* SeatGeek */,
				6440B6FE2675B2A70087987F /* APIKeys */,
				64E6E9B32672FBAF00BDE2E6 /* Network */,
				64E6E9A02672FA2300BDE2E6 /* Logger */,
			);
			path = Services;
			sourceTree = "<group>";
		};
		64E6E9692672F8ED00BDE2E6 /* Generated */ = {
			isa = PBXGroup;
			children = (
				64E6E96A2672F90000BDE2E6 /* R.generated.swift */,
			);
			path = Generated;
			sourceTree = "<group>";
		};
		64E6E9742672F96800BDE2E6 /* DependencyInjection */ = {
			isa = PBXGroup;
			children = (
				64E6E9992672F9CE00BDE2E6 /* DependencyManager.swift */,
				64E6E99A2672F9CE00BDE2E6 /* DependencyResolver.swift */,
			);
			path = DependencyInjection;
			sourceTree = "<group>";
		};
		64E6E9A02672FA2300BDE2E6 /* Logger */ = {
			isa = PBXGroup;
			children = (
				64E6E9A12672FA2300BDE2E6 /* LogMetadata.swift */,
				64E6E9A22672FA2300BDE2E6 /* Logger.swift */,
				64E6E9A32672FA2300BDE2E6 /* LogFormat.swift */,
				64E6E9A42672FA2300BDE2E6 /* LogLevel.swift */,
				64E6E9A52672FA2300BDE2E6 /* CrashReporter.swift */,
				64E6E9A62672FA2300BDE2E6 /* OSLogger.swift */,
				640F8761267826070055C4A4 /* CoreLogger.swift */,
			);
			path = Logger;
			sourceTree = "<group>";
		};
		64E6E9B32672FBAF00BDE2E6 /* Network */ = {
			isa = PBXGroup;
			children = (
				6440B731267670000087987F /* Models */,
				6440B73026766FFB0087987F /* Plugins */,
				64E6E9BF2672FC5800BDE2E6 /* Routes */,
				64E6E96F2672F96400BDE2E6 /* NetworkService.swift */,
				6440B7492676702C0087987F /* NetworkServicing.swift */,
				6440B7532676711E0087987F /* Headers.swift */,
			);
			path = Network;
			sourceTree = "<group>";
		};
		64E6E9BF2672FC5800BDE2E6 /* Routes */ = {
			isa = PBXGroup;
			children = (
				64E6E9B42672FBB900BDE2E6 /* SeatGeekRoutes.swift */,
				6440B75D267671420087987F /* Route.swift */,
			);
			path = Routes;
			sourceTree = "<group>";
		};
		EBAFE4F46C6F2ED0A2D65D04 /* Pods */ = {
			isa = PBXGroup;
			children = (
				6435935857E5A5FA497E6DD2 /* Pods-fetch-seat-geek.debug.xcconfig */,
				82B64FCB793F03E89F9495E2 /* Pods-fetch-seat-geek.release.xcconfig */,
				E3064B52283C70307368FA45 /* Pods-fetch-seat-geek-fetch-seat-geekUITests.debug.xcconfig */,
				6D358973D808F71381900DDA /* Pods-fetch-seat-geek-fetch-seat-geekUITests.release.xcconfig */,
				83A12EC51BBE3C8F586E923E /* Pods-fetch-seat-geekTests.debug.xcconfig */,
				59965EF54F73FD3B84CD2FD3 /* Pods-fetch-seat-geekTests.release.xcconfig */,
				32252E898AE8BC658927026B /* Pods-fetch-seat-geekUITests.debug.xcconfig */,
				6977923F958B9C5926738351 /* Pods-fetch-seat-geekUITests.release.xcconfig */,
			);
			path = Pods;
			sourceTree = "<group>";
		};
/* End PBXGroup section */

/* Begin PBXNativeTarget section */
		64E6E90A2672F59100BDE2E6 /* fetch-seat-geek */ = {
			isa = PBXNativeTarget;
			buildConfigurationList = 64E6E9352672F59300BDE2E6 /* Build configuration list for PBXNativeTarget "fetch-seat-geek" */;
			buildPhases = (
				52EDE86DDF77F5A8A302AC17 /* [CP] Check Pods Manifest.lock */,
				6440B71E26766E3C0087987F /* Check for API Keys */,
				64E6E9652672F8AD00BDE2E6 /* R.Swift Code Gen */,
				64E6E9072672F59100BDE2E6 /* Sources */,
				64E6E9082672F59100BDE2E6 /* Frameworks */,
				64E6E9092672F59100BDE2E6 /* Resources */,
				09C9410C0B322073B20B3230 /* [CP] Embed Pods Frameworks */,
			);
			buildRules = (
			);
			dependencies = (
			);
			name = "fetch-seat-geek";
			productName = "fetch-seat-geek";
			productReference = 64E6E90B2672F59100BDE2E6 /* fetch-seat-geek.app */;
			productType = "com.apple.product-type.application";
		};
		64E6E9202672F59300BDE2E6 /* fetch-seat-geekTests */ = {
			isa = PBXNativeTarget;
			buildConfigurationList = 64E6E9382672F59300BDE2E6 /* Build configuration list for PBXNativeTarget "fetch-seat-geekTests" */;
			buildPhases = (
				2DD351C25C03147882745623 /* [CP] Check Pods Manifest.lock */,
				64E6E91D2672F59300BDE2E6 /* Sources */,
				64E6E91E2672F59300BDE2E6 /* Frameworks */,
				64E6E91F2672F59300BDE2E6 /* Resources */,
				DFA0976833547FF6ACF69225 /* [CP] Embed Pods Frameworks */,
			);
			buildRules = (
			);
			dependencies = (
				64E6E9232672F59300BDE2E6 /* PBXTargetDependency */,
			);
			name = "fetch-seat-geekTests";
			productName = "fetch-seat-geekTests";
			productReference = 64E6E9212672F59300BDE2E6 /* fetch-seat-geekTests.xctest */;
			productType = "com.apple.product-type.bundle.unit-test";
		};
		64E6E92B2672F59300BDE2E6 /* fetch-seat-geekUITests */ = {
			isa = PBXNativeTarget;
			buildConfigurationList = 64E6E93B2672F59300BDE2E6 /* Build configuration list for PBXNativeTarget "fetch-seat-geekUITests" */;
			buildPhases = (
				9465731F7A62B091F87C33C5 /* [CP] Check Pods Manifest.lock */,
				64E6E9282672F59300BDE2E6 /* Sources */,
				64E6E9292672F59300BDE2E6 /* Frameworks */,
				64E6E92A2672F59300BDE2E6 /* Resources */,
				A3B3F43E4702AB0C02C14F41 /* [CP] Embed Pods Frameworks */,
			);
			buildRules = (
			);
			dependencies = (
				64E6E92E2672F59300BDE2E6 /* PBXTargetDependency */,
			);
			name = "fetch-seat-geekUITests";
			productName = "fetch-seat-geekUITests";
			productReference = 64E6E92C2672F59300BDE2E6 /* fetch-seat-geekUITests.xctest */;
			productType = "com.apple.product-type.bundle.ui-testing";
		};
/* End PBXNativeTarget section */

/* Begin PBXProject section */
		64E6E9032672F59100BDE2E6 /* Project object */ = {
			isa = PBXProject;
			attributes = {
				LastSwiftUpdateCheck = 1230;
				LastUpgradeCheck = 1230;
				TargetAttributes = {
					64E6E90A2672F59100BDE2E6 = {
						CreatedOnToolsVersion = 12.3;
					};
					64E6E9202672F59300BDE2E6 = {
						CreatedOnToolsVersion = 12.3;
						TestTargetID = 64E6E90A2672F59100BDE2E6;
					};
					64E6E92B2672F59300BDE2E6 = {
						CreatedOnToolsVersion = 12.3;
						TestTargetID = 64E6E90A2672F59100BDE2E6;
					};
				};
			};
			buildConfigurationList = 64E6E9062672F59100BDE2E6 /* Build configuration list for PBXProject "fetch-seat-geek" */;
			compatibilityVersion = "Xcode 9.3";
			developmentRegion = en;
			hasScannedForEncodings = 0;
			knownRegions = (
				en,
				Base,
			);
			mainGroup = 64E6E9022672F59100BDE2E6;
			productRefGroup = 64E6E90C2672F59100BDE2E6 /* Products */;
			projectDirPath = "";
			projectRoot = "";
			targets = (
				64E6E90A2672F59100BDE2E6 /* fetch-seat-geek */,
				64E6E9202672F59300BDE2E6 /* fetch-seat-geekTests */,
				64E6E92B2672F59300BDE2E6 /* fetch-seat-geekUITests */,
			);
		};
/* End PBXProject section */

/* Begin PBXResourcesBuildPhase section */
		64E6E9092672F59100BDE2E6 /* Resources */ = {
			isa = PBXResourcesBuildPhase;
			buildActionMask = 2147483647;
			files = (
				64C7A3932673DF0400951930 /* Main.strings in Resources */,
				64B05E672676D5FD00CFBEA4 /* Services.strings in Resources */,
				646E1BE226798D2D009BF8E1 /* ProximaNova-Black.otf in Resources */,
				646E1BE326798D2D009BF8E1 /* ProximaNova-Light.otf in Resources */,
				646E1BE426798D2D009BF8E1 /* ProximaNova-BoldIt.otf in Resources */,
				646E1BDF26798D2D009BF8E1 /* ProximaNova-Regular.otf in Resources */,
				646E1BE626798D2D009BF8E1 /* ProximaNova-Extrabold.otf in Resources */,
				646E1BE126798D2D009BF8E1 /* ProximaNova-RegularItalic.otf in Resources */,
				646E1BDD26798D2D009BF8E1 /* ProximaNova-Bold.otf in Resources */,
				646E1BDE26798D2D009BF8E1 /* ProximaNova-SemiboldItalic.otf in Resources */,
				64E6E91B2672F59300BDE2E6 /* LaunchScreen.storyboard in Resources */,
				644AF5E126797A0700E62181 /* General.strings in Resources */,
				646E1BE026798D2D009BF8E1 /* ProximaNova-Semibold.otf in Resources */,
				64E6E9182672F59300BDE2E6 /* Assets.xcassets in Resources */,
				6440B71426766C7F0087987F /* api-keys.plist in Resources */,
				646E1BE526798D2D009BF8E1 /* ProximaNova-LightItalic.otf in Resources */,
			);
			runOnlyForDeploymentPostprocessing = 0;
		};
		64E6E91F2672F59300BDE2E6 /* Resources */ = {
			isa = PBXResourcesBuildPhase;
			buildActionMask = 2147483647;
			files = (
				640F87BD26783EEF0055C4A4 /* GetVenueResponse.json in Resources */,
				640F87BC26783EEF0055C4A4 /* GetPerformerResponse.json in Resources */,
				640F87BB26783EEF0055C4A4 /* GetEventResponse.json in Resources */,
				640F87BF26783EEF0055C4A4 /* PerformersResponse.json in Resources */,
				640F87C026783EEF0055C4A4 /* VenuesResponse.json in Resources */,
				640F87BE26783EEF0055C4A4 /* EventsResponse.json in Resources */,
			);
			runOnlyForDeploymentPostprocessing = 0;
		};
		64E6E92A2672F59300BDE2E6 /* Resources */ = {
			isa = PBXResourcesBuildPhase;
			buildActionMask = 2147483647;
			files = (
			);
			runOnlyForDeploymentPostprocessing = 0;
		};
/* End PBXResourcesBuildPhase section */

/* Begin PBXShellScriptBuildPhase section */
		09C9410C0B322073B20B3230 /* [CP] Embed Pods Frameworks */ = {
			isa = PBXShellScriptBuildPhase;
			buildActionMask = 2147483647;
			files = (
			);
			inputFileListPaths = (
				"${PODS_ROOT}/Target Support Files/Pods-fetch-seat-geek/Pods-fetch-seat-geek-frameworks-${CONFIGURATION}-input-files.xcfilelist",
			);
			name = "[CP] Embed Pods Frameworks";
			outputFileListPaths = (
				"${PODS_ROOT}/Target Support Files/Pods-fetch-seat-geek/Pods-fetch-seat-geek-frameworks-${CONFIGURATION}-output-files.xcfilelist",
			);
			runOnlyForDeploymentPostprocessing = 0;
			shellPath = /bin/sh;
			shellScript = "\"${PODS_ROOT}/Target Support Files/Pods-fetch-seat-geek/Pods-fetch-seat-geek-frameworks.sh\"\n";
			showEnvVarsInLog = 0;
		};
		2DD351C25C03147882745623 /* [CP] Check Pods Manifest.lock */ = {
			isa = PBXShellScriptBuildPhase;
			buildActionMask = 2147483647;
			files = (
			);
			inputFileListPaths = (
			);
			inputPaths = (
				"${PODS_PODFILE_DIR_PATH}/Podfile.lock",
				"${PODS_ROOT}/Manifest.lock",
			);
			name = "[CP] Check Pods Manifest.lock";
			outputFileListPaths = (
			);
			outputPaths = (
				"$(DERIVED_FILE_DIR)/Pods-fetch-seat-geekTests-checkManifestLockResult.txt",
			);
			runOnlyForDeploymentPostprocessing = 0;
			shellPath = /bin/sh;
			shellScript = "diff \"${PODS_PODFILE_DIR_PATH}/Podfile.lock\" \"${PODS_ROOT}/Manifest.lock\" > /dev/null\nif [ $? != 0 ] ; then\n    # print error to STDERR\n    echo \"error: The sandbox is not in sync with the Podfile.lock. Run 'pod install' or update your CocoaPods installation.\" >&2\n    exit 1\nfi\n# This output is used by Xcode 'outputs' to avoid re-running this script phase.\necho \"SUCCESS\" > \"${SCRIPT_OUTPUT_FILE_0}\"\n";
			showEnvVarsInLog = 0;
		};
		52EDE86DDF77F5A8A302AC17 /* [CP] Check Pods Manifest.lock */ = {
			isa = PBXShellScriptBuildPhase;
			buildActionMask = 2147483647;
			files = (
			);
			inputFileListPaths = (
			);
			inputPaths = (
				"${PODS_PODFILE_DIR_PATH}/Podfile.lock",
				"${PODS_ROOT}/Manifest.lock",
			);
			name = "[CP] Check Pods Manifest.lock";
			outputFileListPaths = (
			);
			outputPaths = (
				"$(DERIVED_FILE_DIR)/Pods-fetch-seat-geek-checkManifestLockResult.txt",
			);
			runOnlyForDeploymentPostprocessing = 0;
			shellPath = /bin/sh;
			shellScript = "diff \"${PODS_PODFILE_DIR_PATH}/Podfile.lock\" \"${PODS_ROOT}/Manifest.lock\" > /dev/null\nif [ $? != 0 ] ; then\n    # print error to STDERR\n    echo \"error: The sandbox is not in sync with the Podfile.lock. Run 'pod install' or update your CocoaPods installation.\" >&2\n    exit 1\nfi\n# This output is used by Xcode 'outputs' to avoid re-running this script phase.\necho \"SUCCESS\" > \"${SCRIPT_OUTPUT_FILE_0}\"\n";
			showEnvVarsInLog = 0;
		};
		6440B71E26766E3C0087987F /* Check for API Keys */ = {
			isa = PBXShellScriptBuildPhase;
			buildActionMask = 2147483647;
			files = (
			);
			inputFileListPaths = (
			);
			inputPaths = (
			);
			name = "Check for API Keys";
			outputFileListPaths = (
			);
			outputPaths = (
			);
			runOnlyForDeploymentPostprocessing = 0;
			shellPath = /bin/sh;
			shellScript = "CONFIG_FILE_BASE_NAME=\"api-keys\"\nCONFIG_FILE_NAME=${CONFIG_FILE_BASE_NAME}.plist\nCONFIG_FILE_PATH=$SRCROOT/$CONFIG_FILE_NAME\nif [ -f \"$CONFIG_FILE_PATH\" ]; then\n  echo \"$CONFIG_FILE_PATH exists.\"\nelse\n  echo \"$CONFIG_FILE_PATH is missing. Please contact the developer to get a copy of the file.\"\n  exit 1\nfi\n";
		};
		64E6E9652672F8AD00BDE2E6 /* R.Swift Code Gen */ = {
			isa = PBXShellScriptBuildPhase;
			buildActionMask = 2147483647;
			files = (
			);
			inputFileListPaths = (
			);
			inputPaths = (
				"$TEMP_DIR/rswift-lastrun",
			);
			name = "R.Swift Code Gen";
			outputFileListPaths = (
			);
			outputPaths = (
				$SRCROOT/R.generated.swift,
			);
			runOnlyForDeploymentPostprocessing = 0;
			shellPath = /bin/sh;
			shellScript = "\"$PODS_ROOT/R.swift/rswift\" generate \"$SRCROOT/R.generated.swift\"\n";
		};
		9465731F7A62B091F87C33C5 /* [CP] Check Pods Manifest.lock */ = {
			isa = PBXShellScriptBuildPhase;
			buildActionMask = 2147483647;
			files = (
			);
			inputFileListPaths = (
			);
			inputPaths = (
				"${PODS_PODFILE_DIR_PATH}/Podfile.lock",
				"${PODS_ROOT}/Manifest.lock",
			);
			name = "[CP] Check Pods Manifest.lock";
			outputFileListPaths = (
			);
			outputPaths = (
				"$(DERIVED_FILE_DIR)/Pods-fetch-seat-geekUITests-checkManifestLockResult.txt",
			);
			runOnlyForDeploymentPostprocessing = 0;
			shellPath = /bin/sh;
			shellScript = "diff \"${PODS_PODFILE_DIR_PATH}/Podfile.lock\" \"${PODS_ROOT}/Manifest.lock\" > /dev/null\nif [ $? != 0 ] ; then\n    # print error to STDERR\n    echo \"error: The sandbox is not in sync with the Podfile.lock. Run 'pod install' or update your CocoaPods installation.\" >&2\n    exit 1\nfi\n# This output is used by Xcode 'outputs' to avoid re-running this script phase.\necho \"SUCCESS\" > \"${SCRIPT_OUTPUT_FILE_0}\"\n";
			showEnvVarsInLog = 0;
		};
		A3B3F43E4702AB0C02C14F41 /* [CP] Embed Pods Frameworks */ = {
			isa = PBXShellScriptBuildPhase;
			buildActionMask = 2147483647;
			files = (
			);
			inputFileListPaths = (
				"${PODS_ROOT}/Target Support Files/Pods-fetch-seat-geekUITests/Pods-fetch-seat-geekUITests-frameworks-${CONFIGURATION}-input-files.xcfilelist",
			);
			name = "[CP] Embed Pods Frameworks";
			outputFileListPaths = (
				"${PODS_ROOT}/Target Support Files/Pods-fetch-seat-geekUITests/Pods-fetch-seat-geekUITests-frameworks-${CONFIGURATION}-output-files.xcfilelist",
			);
			runOnlyForDeploymentPostprocessing = 0;
			shellPath = /bin/sh;
			shellScript = "\"${PODS_ROOT}/Target Support Files/Pods-fetch-seat-geekUITests/Pods-fetch-seat-geekUITests-frameworks.sh\"\n";
			showEnvVarsInLog = 0;
		};
		DFA0976833547FF6ACF69225 /* [CP] Embed Pods Frameworks */ = {
			isa = PBXShellScriptBuildPhase;
			buildActionMask = 2147483647;
			files = (
			);
			inputFileListPaths = (
				"${PODS_ROOT}/Target Support Files/Pods-fetch-seat-geekTests/Pods-fetch-seat-geekTests-frameworks-${CONFIGURATION}-input-files.xcfilelist",
			);
			name = "[CP] Embed Pods Frameworks";
			outputFileListPaths = (
				"${PODS_ROOT}/Target Support Files/Pods-fetch-seat-geekTests/Pods-fetch-seat-geekTests-frameworks-${CONFIGURATION}-output-files.xcfilelist",
			);
			runOnlyForDeploymentPostprocessing = 0;
			shellPath = /bin/sh;
			shellScript = "\"${PODS_ROOT}/Target Support Files/Pods-fetch-seat-geekTests/Pods-fetch-seat-geekTests-frameworks.sh\"\n";
			showEnvVarsInLog = 0;
		};
/* End PBXShellScriptBuildPhase section */

/* Begin PBXSourcesBuildPhase section */
		64E6E9072672F59100BDE2E6 /* Sources */ = {
			isa = PBXSourcesBuildPhase;
			buildActionMask = 2147483647;
			files = (
				6440B6FA26755EA20087987F /* Dictionary+Merge.swift in Sources */,
				64E6E90F2672F59100BDE2E6 /* AppDelegate.swift in Sources */,
				64C7A3AD2673F5DB00951930 /* ViewModeled.swift in Sources */,
				6440B7542676711E0087987F /* Headers.swift in Sources */,
				64A32C102678F2AD00EEE8BF /* ViewController.swift in Sources */,
				645D686C267D42E8005C3D97 /* EventSummaryLargeCell.swift in Sources */,
				640F87712678314A0055C4A4 /* SGLink.swift in Sources */,
				645D689B267D52BF005C3D97 /* TintedImageView.swift in Sources */,
				64A03765267BF66900A27D5E /* Int?+Add+Subtract.swift in Sources */,
				64A03778267C344100A27D5E /* Array+Chunked.swift in Sources */,
				64B8A4D0267A77B000B5F5A1 /* CollectionView.swift in Sources */,
				640F8762267826070055C4A4 /* CoreLogger.swift in Sources */,
				645D6864267D3660005C3D97 /* InnerCollectionTableCell.swift in Sources */,
				645D68B2267D58D5005C3D97 /* GenresInnerCollectionCell.swift in Sources */,
				64A4D364267E7D330089386E /* ZoomAndSnapFlowLayout.swift in Sources */,
				640F879526783C940055C4A4 /* SGMetadata.swift in Sources */,
				64C7A3BC2673F65B00951930 /* UIView+Anchor.swift in Sources */,
				64E6E9112672F59100BDE2E6 /* SceneDelegate.swift in Sources */,
				64365DC9267D5A030088E82D /* EventsCollectionView.swift in Sources */,
				64E6E9AB2672FA2300BDE2E6 /* CrashReporter.swift in Sources */,
				64E6E99B2672F9CE00BDE2E6 /* DependencyManager.swift in Sources */,
				6440B75E267671420087987F /* Route.swift in Sources */,
				644AF5E626797B4200E62181 /* PriceTagView.swift in Sources */,
				645D685A267D2508005C3D97 /* ViewMoreHeaderView.swift in Sources */,
				64A32BFE2678EC5600EEE8BF /* EventSummaryLargeView.swift in Sources */,
				645D68AD267D588C005C3D97 /* GenresCollectionView.swift in Sources */,
				640F87802678315F0055C4A4 /* SGTaxonomy.swift in Sources */,
				6440B7E62676C9560087987F /* SGPerformer.swift in Sources */,
				640F8776267831510055C4A4 /* SGPerformerImages.swift in Sources */,
				64C7A3B22673F60600951930 /* ModelUpdate.swift in Sources */,
				644AF5982679018500E62181 /* QueryDebouncer.swift in Sources */,
				6440B6EF267558140087987F /* RxSwift+SubscribeToResult.swift in Sources */,
				644AF5BF2679109F00E62181 /* HeartButton.swift in Sources */,
				64E6E9AA2672FA2300BDE2E6 /* LogLevel.swift in Sources */,
				644AF5AF2679059F00E62181 /* EmptyListBackground.swift in Sources */,
				640F877B267831580055C4A4 /* SGEventStats.swift in Sources */,
				64A4D35F267E26B70089386E /* BrowseSection.swift in Sources */,
				64365DC4267D59FC0088E82D /* EventsInnerCollectionCell.swift in Sources */,
				64C7A3A82673F5A600951930 /* ViewModel+TypeErasure.swift in Sources */,
				645D6854267D0E97005C3D97 /* LargeTitledNavigationBar.swift in Sources */,
				6440B759267671270087987F /* HTTPMethod.swift in Sources */,
				645D6887267D5240005C3D97 /* PerformerSummaryView.swift in Sources */,
				6440B7402676701A0087987F /* NetworkLoggerPlugin.swift in Sources */,
				6440B7EB2676C9610087987F /* SGVenue.swift in Sources */,
				64A037A1267C360000A27D5E /* BrowseViewController.swift in Sources */,
				645D685F267D2701005C3D97 /* Array+ValidIndex.swift in Sources */,
				645D684F267CFFCB005C3D97 /* ApplicationManager.swift in Sources */,
				64E6E9A72672FA2300BDE2E6 /* LogMetadata.swift in Sources */,
				64C7A3A02673F59500951930 /* ViewModel.swift in Sources */,
				64B8A4D5267A77C800B5F5A1 /* TableView.swift in Sources */,
				644AF5C42679166000E62181 /* EventSummarySmallView.swift in Sources */,
				64A037B2267CF2D100A27D5E /* BrowseViewModel.swift in Sources */,
				645D687C267D50C2005C3D97 /* FeaturedCollectionView.swift in Sources */,
				64B8A4E7267A7DF300B5F5A1 /* DiffableDataSource.swift in Sources */,
				6440B7332676700B0087987F /* NetworkAuthMethod.swift in Sources */,
				644AF5A22679048400E62181 /* UICollectionView+NearestCell.swift in Sources */,
				6440B7002675B2B30087987F /* APIKeysManager.swift in Sources */,
				6440B72626766F4C0087987F /* FileHelper.swift in Sources */,
				64E6E9702672F96400BDE2E6 /* NetworkService.swift in Sources */,
				64B8A4CB267A766600B5F5A1 /* WindowManaging.swift in Sources */,
				64E6E9AC2672FA2300BDE2E6 /* OSLogger.swift in Sources */,
				6440B73B267670130087987F /* NetworkPlugin.swift in Sources */,
				645D68A8267D57B1005C3D97 /* GenreSummaryCell.swift in Sources */,
				64A0376D267BF8C200A27D5E /* Comparable+Clamp.swift in Sources */,
				64E6E9B52672FBB900BDE2E6 /* SeatGeekRoutes.swift in Sources */,
				6440B71A26766CD80087987F /* AppConstants.swift in Sources */,
				6440B7D9267696710087987F /* SeatGeekInteractor.swift in Sources */,
				640F876C267831440055C4A4 /* SGLocation.swift in Sources */,
				644AF5A72679050700E62181 /* SearchResultsViewController.swift in Sources */,
				6440B74F267670330087987F /* NetworkResult.swift in Sources */,
				640F878D267839170055C4A4 /* SGGenre.swift in Sources */,
				64B8A4DA267A79B200B5F5A1 /* IdentifiableCell.swift in Sources */,
				6440B745267670210087987F /* NetworkAuthPlugin.swift in Sources */,
				64E6E99C2672F9CE00BDE2E6 /* DependencyResolver.swift in Sources */,
				6440B7E12676C94A0087987F /* SGEvent.swift in Sources */,
				64A32BF32678E00300EEE8BF /* TabController.swift in Sources */,
				644AF5B72679104A00E62181 /* TitledBannerView.swift in Sources */,
				644AF5DC2679648C00E62181 /* SGEventSummary.swift in Sources */,
				645D6876267D5087005C3D97 /* FeaturedInnerCollectionCell.swift in Sources */,
				64E6E96B2672F90000BDE2E6 /* R.generated.swift in Sources */,
				64E6E9A92672FA2300BDE2E6 /* LogFormat.swift in Sources */,
				64B18BA72676D21B002924C8 /* SGResponses.swift in Sources */,
				645D68A3267D5789005C3D97 /* PerformerSummaryCell.swift in Sources */,
				645D6893267D526A005C3D97 /* GenreSummaryView.swift in Sources */,
				645D6871267D42F2005C3D97 /* EventSummarySmallCell.swift in Sources */,
				64E6E9A82672FA2300BDE2E6 /* Logger.swift in Sources */,
				644AF5CE26791F4400E62181 /* LabelsStylesheet.swift in Sources */,
				6440B74A2676702C0087987F /* NetworkServicing.swift in Sources */,
			);
			runOnlyForDeploymentPostprocessing = 0;
		};
		64E6E91D2672F59300BDE2E6 /* Sources */ = {
			isa = PBXSourcesBuildPhase;
			buildActionMask = 2147483647;
			files = (
				64B05E6D2676E23C00CFBEA4 /* EventStub.swift in Sources */,
				6440B7A5267675920087987F /* URLSessionMock.swift in Sources */,
				640F87C826783F0C0055C4A4 /* SeatGeekInteractorTests.swift in Sources */,
				6440B7AF2676864D0087987F /* NetworkPluginMock.swift in Sources */,
				64B05E7A2676E25900CFBEA4 /* VenueStub.swift in Sources */,
				64B05E752676E25300CFBEA4 /* PerformerStub.swift in Sources */,
				6440B7B4267687710087987F /* RouteMock.swift in Sources */,
				6440B76B267672660087987F /* NetworkServiceTests.swift in Sources */,
				640F87CD26783F7A0055C4A4 /* NetworkServiceMock.swift in Sources */,
				640F875A2678155F0055C4A4 /* LoggerTests.swift in Sources */,
				640F87D3267840E30055C4A4 /* NetworkResultBuilder.swift in Sources */,
				640F8767267827200055C4A4 /* MockCoreLogger.swift in Sources */,
				6440B7AA267676180087987F /* LoggerMock.swift in Sources */,
			);
			runOnlyForDeploymentPostprocessing = 0;
		};
		64E6E9282672F59300BDE2E6 /* Sources */ = {
			isa = PBXSourcesBuildPhase;
			buildActionMask = 2147483647;
			files = (
				64E6E9312672F59300BDE2E6 /* fetch_seat_geekUITests.swift in Sources */,
			);
			runOnlyForDeploymentPostprocessing = 0;
		};
/* End PBXSourcesBuildPhase section */

/* Begin PBXTargetDependency section */
		64E6E9232672F59300BDE2E6 /* PBXTargetDependency */ = {
			isa = PBXTargetDependency;
			target = 64E6E90A2672F59100BDE2E6 /* fetch-seat-geek */;
			targetProxy = 64E6E9222672F59300BDE2E6 /* PBXContainerItemProxy */;
		};
		64E6E92E2672F59300BDE2E6 /* PBXTargetDependency */ = {
			isa = PBXTargetDependency;
			target = 64E6E90A2672F59100BDE2E6 /* fetch-seat-geek */;
			targetProxy = 64E6E92D2672F59300BDE2E6 /* PBXContainerItemProxy */;
		};
/* End PBXTargetDependency section */

/* Begin PBXVariantGroup section */
		64E6E9192672F59300BDE2E6 /* LaunchScreen.storyboard */ = {
			isa = PBXVariantGroup;
			children = (
				64E6E91A2672F59300BDE2E6 /* Base */,
			);
			name = LaunchScreen.storyboard;
			sourceTree = "<group>";
		};
/* End PBXVariantGroup section */

/* Begin XCBuildConfiguration section */
		64E6E9332672F59300BDE2E6 /* Debug */ = {
			isa = XCBuildConfiguration;
			buildSettings = {
				ALWAYS_SEARCH_USER_PATHS = NO;
				CLANG_ANALYZER_NONNULL = YES;
				CLANG_ANALYZER_NUMBER_OBJECT_CONVERSION = YES_AGGRESSIVE;
				CLANG_CXX_LANGUAGE_STANDARD = "gnu++14";
				CLANG_CXX_LIBRARY = "libc++";
				CLANG_ENABLE_MODULES = YES;
				CLANG_ENABLE_OBJC_ARC = YES;
				CLANG_ENABLE_OBJC_WEAK = YES;
				CLANG_WARN_BLOCK_CAPTURE_AUTORELEASING = YES;
				CLANG_WARN_BOOL_CONVERSION = YES;
				CLANG_WARN_COMMA = YES;
				CLANG_WARN_CONSTANT_CONVERSION = YES;
				CLANG_WARN_DEPRECATED_OBJC_IMPLEMENTATIONS = YES;
				CLANG_WARN_DIRECT_OBJC_ISA_USAGE = YES_ERROR;
				CLANG_WARN_DOCUMENTATION_COMMENTS = YES;
				CLANG_WARN_EMPTY_BODY = YES;
				CLANG_WARN_ENUM_CONVERSION = YES;
				CLANG_WARN_INFINITE_RECURSION = YES;
				CLANG_WARN_INT_CONVERSION = YES;
				CLANG_WARN_NON_LITERAL_NULL_CONVERSION = YES;
				CLANG_WARN_OBJC_IMPLICIT_RETAIN_SELF = YES;
				CLANG_WARN_OBJC_LITERAL_CONVERSION = YES;
				CLANG_WARN_OBJC_ROOT_CLASS = YES_ERROR;
				CLANG_WARN_QUOTED_INCLUDE_IN_FRAMEWORK_HEADER = YES;
				CLANG_WARN_RANGE_LOOP_ANALYSIS = YES;
				CLANG_WARN_STRICT_PROTOTYPES = YES;
				CLANG_WARN_SUSPICIOUS_MOVE = YES;
				CLANG_WARN_UNGUARDED_AVAILABILITY = YES_AGGRESSIVE;
				CLANG_WARN_UNREACHABLE_CODE = YES;
				CLANG_WARN__DUPLICATE_METHOD_MATCH = YES;
				COPY_PHASE_STRIP = NO;
				DEBUG_INFORMATION_FORMAT = dwarf;
				ENABLE_STRICT_OBJC_MSGSEND = YES;
				ENABLE_TESTABILITY = YES;
				GCC_C_LANGUAGE_STANDARD = gnu11;
				GCC_DYNAMIC_NO_PIC = NO;
				GCC_NO_COMMON_BLOCKS = YES;
				GCC_OPTIMIZATION_LEVEL = 0;
				GCC_PREPROCESSOR_DEFINITIONS = (
					"DEBUG=1",
					"$(inherited)",
				);
				GCC_WARN_64_TO_32_BIT_CONVERSION = YES;
				GCC_WARN_ABOUT_RETURN_TYPE = YES_ERROR;
				GCC_WARN_UNDECLARED_SELECTOR = YES;
				GCC_WARN_UNINITIALIZED_AUTOS = YES_AGGRESSIVE;
				GCC_WARN_UNUSED_FUNCTION = YES;
				GCC_WARN_UNUSED_VARIABLE = YES;
				IPHONEOS_DEPLOYMENT_TARGET = 14.3;
				MTL_ENABLE_DEBUG_INFO = INCLUDE_SOURCE;
				MTL_FAST_MATH = YES;
				ONLY_ACTIVE_ARCH = YES;
				SDKROOT = iphoneos;
				SWIFT_ACTIVE_COMPILATION_CONDITIONS = DEBUG;
				SWIFT_OPTIMIZATION_LEVEL = "-Onone";
			};
			name = Debug;
		};
		64E6E9342672F59300BDE2E6 /* Release */ = {
			isa = XCBuildConfiguration;
			buildSettings = {
				ALWAYS_SEARCH_USER_PATHS = NO;
				CLANG_ANALYZER_NONNULL = YES;
				CLANG_ANALYZER_NUMBER_OBJECT_CONVERSION = YES_AGGRESSIVE;
				CLANG_CXX_LANGUAGE_STANDARD = "gnu++14";
				CLANG_CXX_LIBRARY = "libc++";
				CLANG_ENABLE_MODULES = YES;
				CLANG_ENABLE_OBJC_ARC = YES;
				CLANG_ENABLE_OBJC_WEAK = YES;
				CLANG_WARN_BLOCK_CAPTURE_AUTORELEASING = YES;
				CLANG_WARN_BOOL_CONVERSION = YES;
				CLANG_WARN_COMMA = YES;
				CLANG_WARN_CONSTANT_CONVERSION = YES;
				CLANG_WARN_DEPRECATED_OBJC_IMPLEMENTATIONS = YES;
				CLANG_WARN_DIRECT_OBJC_ISA_USAGE = YES_ERROR;
				CLANG_WARN_DOCUMENTATION_COMMENTS = YES;
				CLANG_WARN_EMPTY_BODY = YES;
				CLANG_WARN_ENUM_CONVERSION = YES;
				CLANG_WARN_INFINITE_RECURSION = YES;
				CLANG_WARN_INT_CONVERSION = YES;
				CLANG_WARN_NON_LITERAL_NULL_CONVERSION = YES;
				CLANG_WARN_OBJC_IMPLICIT_RETAIN_SELF = YES;
				CLANG_WARN_OBJC_LITERAL_CONVERSION = YES;
				CLANG_WARN_OBJC_ROOT_CLASS = YES_ERROR;
				CLANG_WARN_QUOTED_INCLUDE_IN_FRAMEWORK_HEADER = YES;
				CLANG_WARN_RANGE_LOOP_ANALYSIS = YES;
				CLANG_WARN_STRICT_PROTOTYPES = YES;
				CLANG_WARN_SUSPICIOUS_MOVE = YES;
				CLANG_WARN_UNGUARDED_AVAILABILITY = YES_AGGRESSIVE;
				CLANG_WARN_UNREACHABLE_CODE = YES;
				CLANG_WARN__DUPLICATE_METHOD_MATCH = YES;
				COPY_PHASE_STRIP = NO;
				DEBUG_INFORMATION_FORMAT = "dwarf-with-dsym";
				ENABLE_NS_ASSERTIONS = NO;
				ENABLE_STRICT_OBJC_MSGSEND = YES;
				GCC_C_LANGUAGE_STANDARD = gnu11;
				GCC_NO_COMMON_BLOCKS = YES;
				GCC_WARN_64_TO_32_BIT_CONVERSION = YES;
				GCC_WARN_ABOUT_RETURN_TYPE = YES_ERROR;
				GCC_WARN_UNDECLARED_SELECTOR = YES;
				GCC_WARN_UNINITIALIZED_AUTOS = YES_AGGRESSIVE;
				GCC_WARN_UNUSED_FUNCTION = YES;
				GCC_WARN_UNUSED_VARIABLE = YES;
				IPHONEOS_DEPLOYMENT_TARGET = 14.3;
				MTL_ENABLE_DEBUG_INFO = NO;
				MTL_FAST_MATH = YES;
				SDKROOT = iphoneos;
				SWIFT_COMPILATION_MODE = wholemodule;
				SWIFT_OPTIMIZATION_LEVEL = "-O";
				VALIDATE_PRODUCT = YES;
			};
			name = Release;
		};
		64E6E9362672F59300BDE2E6 /* Debug */ = {
			isa = XCBuildConfiguration;
			baseConfigurationReference = 6435935857E5A5FA497E6DD2 /* Pods-fetch-seat-geek.debug.xcconfig */;
			buildSettings = {
				ASSETCATALOG_COMPILER_APPICON_NAME = AppIcon;
				ASSETCATALOG_COMPILER_GLOBAL_ACCENT_COLOR_NAME = AccentColor;
				CODE_SIGN_STYLE = Automatic;
				DEVELOPMENT_TEAM = VL5EGTTRCJ;
				INFOPLIST_FILE = "fetch-seat-geek/System/Info.plist";
				IPHONEOS_DEPLOYMENT_TARGET = 12.0;
				LD_RUNPATH_SEARCH_PATHS = (
					"$(inherited)",
					"@executable_path/Frameworks",
				);
				PRODUCT_BUNDLE_IDENTIFIER = "com.nexxmark.fetch-seat-geek";
				PRODUCT_NAME = "$(TARGET_NAME)";
				SWIFT_VERSION = 5.0;
				TARGETED_DEVICE_FAMILY = "1,2";
			};
			name = Debug;
		};
		64E6E9372672F59300BDE2E6 /* Release */ = {
			isa = XCBuildConfiguration;
			baseConfigurationReference = 82B64FCB793F03E89F9495E2 /* Pods-fetch-seat-geek.release.xcconfig */;
			buildSettings = {
				ASSETCATALOG_COMPILER_APPICON_NAME = AppIcon;
				ASSETCATALOG_COMPILER_GLOBAL_ACCENT_COLOR_NAME = AccentColor;
				CODE_SIGN_STYLE = Automatic;
				DEVELOPMENT_TEAM = VL5EGTTRCJ;
				INFOPLIST_FILE = "fetch-seat-geek/System/Info.plist";
				IPHONEOS_DEPLOYMENT_TARGET = 12.0;
				LD_RUNPATH_SEARCH_PATHS = (
					"$(inherited)",
					"@executable_path/Frameworks",
				);
				PRODUCT_BUNDLE_IDENTIFIER = "com.nexxmark.fetch-seat-geek";
				PRODUCT_NAME = "$(TARGET_NAME)";
				SWIFT_VERSION = 5.0;
				TARGETED_DEVICE_FAMILY = "1,2";
			};
			name = Release;
		};
		64E6E9392672F59300BDE2E6 /* Debug */ = {
			isa = XCBuildConfiguration;
			baseConfigurationReference = 83A12EC51BBE3C8F586E923E /* Pods-fetch-seat-geekTests.debug.xcconfig */;
			buildSettings = {
				BUNDLE_LOADER = "$(TEST_HOST)";
				CODE_SIGN_STYLE = Automatic;
				DEVELOPMENT_TEAM = VL5EGTTRCJ;
				INFOPLIST_FILE = "fetch-seat-geekTests/Info.plist";
				IPHONEOS_DEPLOYMENT_TARGET = 14.3;
				LD_RUNPATH_SEARCH_PATHS = (
					"$(inherited)",
					"@executable_path/Frameworks",
					"@loader_path/Frameworks",
				);
				PRODUCT_BUNDLE_IDENTIFIER = "com.nexxmark.fetch-seat-geekTests";
				PRODUCT_NAME = "$(TARGET_NAME)";
				SWIFT_VERSION = 5.0;
				TARGETED_DEVICE_FAMILY = "1,2";
				TEST_HOST = "$(BUILT_PRODUCTS_DIR)/fetch-seat-geek.app/fetch-seat-geek";
			};
			name = Debug;
		};
		64E6E93A2672F59300BDE2E6 /* Release */ = {
			isa = XCBuildConfiguration;
			baseConfigurationReference = 59965EF54F73FD3B84CD2FD3 /* Pods-fetch-seat-geekTests.release.xcconfig */;
			buildSettings = {
				BUNDLE_LOADER = "$(TEST_HOST)";
				CODE_SIGN_STYLE = Automatic;
				DEVELOPMENT_TEAM = VL5EGTTRCJ;
				INFOPLIST_FILE = "fetch-seat-geekTests/Info.plist";
				IPHONEOS_DEPLOYMENT_TARGET = 14.3;
				LD_RUNPATH_SEARCH_PATHS = (
					"$(inherited)",
					"@executable_path/Frameworks",
					"@loader_path/Frameworks",
				);
				PRODUCT_BUNDLE_IDENTIFIER = "com.nexxmark.fetch-seat-geekTests";
				PRODUCT_NAME = "$(TARGET_NAME)";
				SWIFT_VERSION = 5.0;
				TARGETED_DEVICE_FAMILY = "1,2";
				TEST_HOST = "$(BUILT_PRODUCTS_DIR)/fetch-seat-geek.app/fetch-seat-geek";
			};
			name = Release;
		};
		64E6E93C2672F59300BDE2E6 /* Debug */ = {
			isa = XCBuildConfiguration;
			baseConfigurationReference = 32252E898AE8BC658927026B /* Pods-fetch-seat-geekUITests.debug.xcconfig */;
			buildSettings = {
				CODE_SIGN_STYLE = Automatic;
				DEVELOPMENT_TEAM = VL5EGTTRCJ;
				INFOPLIST_FILE = "fetch-seat-geekUITests/Info.plist";
				LD_RUNPATH_SEARCH_PATHS = (
					"$(inherited)",
					"@executable_path/Frameworks",
					"@loader_path/Frameworks",
				);
				PRODUCT_BUNDLE_IDENTIFIER = "com.nexxmark.fetch-seat-geekUITests";
				PRODUCT_NAME = "$(TARGET_NAME)";
				SWIFT_VERSION = 5.0;
				TARGETED_DEVICE_FAMILY = "1,2";
				TEST_TARGET_NAME = "fetch-seat-geek";
			};
			name = Debug;
		};
		64E6E93D2672F59300BDE2E6 /* Release */ = {
			isa = XCBuildConfiguration;
			baseConfigurationReference = 6977923F958B9C5926738351 /* Pods-fetch-seat-geekUITests.release.xcconfig */;
			buildSettings = {
				CODE_SIGN_STYLE = Automatic;
				DEVELOPMENT_TEAM = VL5EGTTRCJ;
				INFOPLIST_FILE = "fetch-seat-geekUITests/Info.plist";
				LD_RUNPATH_SEARCH_PATHS = (
					"$(inherited)",
					"@executable_path/Frameworks",
					"@loader_path/Frameworks",
				);
				PRODUCT_BUNDLE_IDENTIFIER = "com.nexxmark.fetch-seat-geekUITests";
				PRODUCT_NAME = "$(TARGET_NAME)";
				SWIFT_VERSION = 5.0;
				TARGETED_DEVICE_FAMILY = "1,2";
				TEST_TARGET_NAME = "fetch-seat-geek";
			};
			name = Release;
		};
/* End XCBuildConfiguration section */

/* Begin XCConfigurationList section */
		64E6E9062672F59100BDE2E6 /* Build configuration list for PBXProject "fetch-seat-geek" */ = {
			isa = XCConfigurationList;
			buildConfigurations = (
				64E6E9332672F59300BDE2E6 /* Debug */,
				64E6E9342672F59300BDE2E6 /* Release */,
			);
			defaultConfigurationIsVisible = 0;
			defaultConfigurationName = Release;
		};
		64E6E9352672F59300BDE2E6 /* Build configuration list for PBXNativeTarget "fetch-seat-geek" */ = {
			isa = XCConfigurationList;
			buildConfigurations = (
				64E6E9362672F59300BDE2E6 /* Debug */,
				64E6E9372672F59300BDE2E6 /* Release */,
			);
			defaultConfigurationIsVisible = 0;
			defaultConfigurationName = Release;
		};
		64E6E9382672F59300BDE2E6 /* Build configuration list for PBXNativeTarget "fetch-seat-geekTests" */ = {
			isa = XCConfigurationList;
			buildConfigurations = (
				64E6E9392672F59300BDE2E6 /* Debug */,
				64E6E93A2672F59300BDE2E6 /* Release */,
			);
			defaultConfigurationIsVisible = 0;
			defaultConfigurationName = Release;
		};
		64E6E93B2672F59300BDE2E6 /* Build configuration list for PBXNativeTarget "fetch-seat-geekUITests" */ = {
			isa = XCConfigurationList;
			buildConfigurations = (
				64E6E93C2672F59300BDE2E6 /* Debug */,
				64E6E93D2672F59300BDE2E6 /* Release */,
			);
			defaultConfigurationIsVisible = 0;
			defaultConfigurationName = Release;
		};
/* End XCConfigurationList section */
	};
	rootObject = 64E6E9032672F59100BDE2E6 /* Project object */;
}
